
Microsoft Visual Studio Solution File, Format Version 12.00
# Visual Studio Version 16
VisualStudioVersion = 16.0.28729.10
MinimumVisualStudioVersion = 10.0.40219.1
Project("{8BC9CEB8-8B4A-11D0-8D11-00A0C91BC942}") = "DataStructureSample", "DataStructureSample\DataStructureSample.vcxproj", "{26F45533-6E2D-4101-8377-E3EA3BE3312C}"
EndProject
Project("{8BC9CEB8-8B4A-11D0-8D11-00A0C91BC942}") = "LinkedList", "LinkedList\LinkedList.vcxproj", "{7805E584-45C1-46FA-821C-7D868E1CE997}"
EndProject
Project("{8BC9CEB8-8B4A-11D0-8D11-00A0C91BC942}") = "PostfixEvaluationTest", "PostfixEvaluationTest\PostfixEvaluationTest.vcxproj", "{C2301ECF-7D13-4B7B-8097-78EDD7CCF22E}"
EndProject
Project("{FAE04EC0-301F-11D3-BF4B-00C04F79EFBC}") = "ExceptionTest", "ExceptionTest\ExceptionTest.csproj", "{8AC7C049-3347-4570-B20D-67F0712808BC}"
EndProject
Project("{8BC9CEB8-8B4A-11D0-8D11-00A0C91BC942}") = "InfixToPostfix", "InfixToPostfix\InfixToPostfix.vcxproj", "{6300F0E5-EBC7-4A82-B87A-18C287540910}"
EndProject
Project("{8BC9CEB8-8B4A-11D0-8D11-00A0C91BC942}") = "BinarySearchTree", "BinarySearchTree\BinarySearchTree.vcxproj", "{9485607F-2FC2-4D6A-9995-39B4B3F08044}"
EndProject
Project("{8BC9CEB8-8B4A-11D0-8D11-00A0C91BC942}") = "RopeProblemRecursion", "RopeProblemRecursion\RopeProblemRecursion.vcxproj", "{3C788268-217E-493A-9048-C71C2E902ADF}"
EndProject
Project("{8BC9CEB8-8B4A-11D0-8D11-00A0C91BC942}") = "RecursionFindElementInArray", "RecursionFindElementInArray\RecursionFindElementInArray.vcxproj", "{209953D6-C68F-4D79-926A-413B11D85FC4}"
EndProject
Project("{8BC9CEB8-8B4A-11D0-8D11-00A0C91BC942}") = "RecursionPalindrome", "RecursionPalindrome\RecursionPalindrome.vcxproj", "{F183FDB5-BB5E-4F5E-A6DB-AAB8C2742D58}"
EndProject
Project("{8BC9CEB8-8B4A-11D0-8D11-00A0C91BC942}") = "RecursionNumberOfDigits", "RecursionNumberOfDigits\RecursionNumberOfDigits.vcxproj", "{7506730F-03B2-4261-A5B3-2978756F3C17}"
EndProject
Project("{8BC9CEB8-8B4A-11D0-8D11-00A0C91BC942}") = "RecursionSumOfDigis", "RecursionSumOfDigis\RecursionSumOfDigis.vcxproj", "{29CB7E74-AB45-470A-936B-DE9AE32D4338}"
EndProject
Project("{8BC9CEB8-8B4A-11D0-8D11-00A0C91BC942}") = "PerfectRoot", "PerfectRoot\PerfectRoot.vcxproj", "{66E3E26B-6206-49BB-BE08-A3416140D6CE}"
EndProject
Project("{8BC9CEB8-8B4A-11D0-8D11-00A0C91BC942}") = "ArrayRotation", "ArrayRotation\ArrayRotation.vcxproj", "{BD3A0C1D-B80E-427A-BD0A-0D327BDC3BEC}"
EndProject
Project("{8BC9CEB8-8B4A-11D0-8D11-00A0C91BC942}") = "TrappingRainWater", "TrappingRainWater\TrappingRainWater.vcxproj", "{CD324416-EA1E-4A0B-B61A-9CDBF947A9C5}"
EndProject
Project("{8BC9CEB8-8B4A-11D0-8D11-00A0C91BC942}") = "ArrayGetShadow", "ArrayGetShadow\ArrayGetShadow.vcxproj", "{30252BB0-8405-4470-9745-D3F7B34FA39B}"
EndProject
Project("{8BC9CEB8-8B4A-11D0-8D11-00A0C91BC942}") = "ArrayTheConversionToOne", "ArrayTheConversionToOne\ArrayTheConversionToOne.vcxproj", "{DDD62BD4-16AE-412A-AF24-A68BE7231E04}"
EndProject
Project("{8BC9CEB8-8B4A-11D0-8D11-00A0C91BC942}") = "PossibleWordsFromPhoneDigits", "PossibleWordsFromPhoneDigits\PossibleWordsFromPhoneDigits.vcxproj", "{7DA42A22-65BC-4BB3-879B-FBA5D12534F6}"
EndProject
Project("{8BC9CEB8-8B4A-11D0-8D11-00A0C91BC942}") = "SpiralTraversalMatrix", "SpiralTraversalMatrix\SpiralTraversalMatrix.vcxproj", "{C74B15D9-3ACC-4536-A480-39DDB5306CBF}"
EndProject
Project("{8BC9CEB8-8B4A-11D0-8D11-00A0C91BC942}") = "BinarySearch", "BinarySearch\BinarySearch.vcxproj", "{F649B0FE-F755-4212-9EC2-F43E6B146C2D}"
EndProject
Project("{8BC9CEB8-8B4A-11D0-8D11-00A0C91BC942}") = "SubarrayWithGivenSum", "SubarrayWithGivenSum\SubarrayWithGivenSum.vcxproj", "{BFF39F5C-DFAC-4E30-A16F-7E1C7DF7C432}"
EndProject
Project("{8BC9CEB8-8B4A-11D0-8D11-00A0C91BC942}") = "PointerExample", "PointerExample\PointerExample.vcxproj", "{134821ED-647C-4FE0-BC18-6829437B51B9}"
EndProject
Project("{8BC9CEB8-8B4A-11D0-8D11-00A0C91BC942}") = "Sorting", "Sorting\Sorting.vcxproj", "{E9B43F6B-25B5-4179-BCCF-4A0347A95134}"
EndProject
Project("{8BC9CEB8-8B4A-11D0-8D11-00A0C91BC942}") = "FirstNonRepeatingCharacter", "FirstNonRepeatingCharacter\FirstNonRepeatingCharacter.vcxproj", "{FEC46FA6-2A9B-4F65-A737-576E3BC16728}"
EndProject
Project("{8BC9CEB8-8B4A-11D0-8D11-00A0C91BC942}") = "Graph", "Graph\Graph.vcxproj", "{EF898E27-DF85-4A5F-BA86-C68C68BD38A7}"
EndProject
Project("{8BC9CEB8-8B4A-11D0-8D11-00A0C91BC942}") = "Heap", "Heap\Heap.vcxproj", "{D628D9AA-9F5F-4C24-B7B7-C614DA8FBDE1}"
EndProject
Project("{8BC9CEB8-8B4A-11D0-8D11-00A0C91BC942}") = "HashingTest", "HashingTest\HashingTest.vcxproj", "{34E46E5C-FC1C-45E1-A3D9-5E66C44A53FD}"
EndProject
Project("{8BC9CEB8-8B4A-11D0-8D11-00A0C91BC942}") = "AVLSelfBalancingTree", "AVLSelfBalancingTree\AVLSelfBalancingTree.vcxproj", "{BDCB9209-CD60-4F19-A765-B0669D163B58}"
EndProject
Project("{8BC9CEB8-8B4A-11D0-8D11-00A0C91BC942}") = "LinkedListMiddleElement", "LinkedListMiddleElement\LinkedListMiddleElement.vcxproj", "{015004BF-AD1E-4509-B308-0DE67D98C5D3}"
EndProject
Project("{8BC9CEB8-8B4A-11D0-8D11-00A0C91BC942}") = "KedanesAlgo", "MaxSumOfNonEmptySeq\MaxSumOfNonEmptySeq.vcxproj", "{F432115D-F48E-4522-B88A-B60D650A9B3C}"
EndProject
Project("{8BC9CEB8-8B4A-11D0-8D11-00A0C91BC942}") = "FindEquilibrium", "FindEquilibrium\FindEquilibrium.vcxproj", "{9CD505E2-8118-4C27-AD24-9BA82BB205EC}"
EndProject
Project("{8BC9CEB8-8B4A-11D0-8D11-00A0C91BC942}") = "InversionArrayMergeSort", "InversionArrayMergeSort\InversionArrayMergeSort.vcxproj", "{85784DA5-3E85-47CF-85B0-04E7FB1E0E11}"
EndProject
Project("{8BC9CEB8-8B4A-11D0-8D11-00A0C91BC942}") = "Sort012DutchFlag", "Sort012\Sort012.vcxproj", "{6C6F8711-1519-4663-AF71-001F996C12C0}"
EndProject
Project("{8BC9CEB8-8B4A-11D0-8D11-00A0C91BC942}") = "SumOfAllSubarrays", "SumOfAllSubarrays\SumOfAllSubarrays.vcxproj", "{BEA37535-CEFD-4974-B727-5435D9B662C4}"
EndProject
Project("{8BC9CEB8-8B4A-11D0-8D11-00A0C91BC942}") = "AllSubstringsOfGivenString", "AllSubstringsOfGivenString\AllSubstringsOfGivenString.vcxproj", "{40B40F13-F370-46DE-B2E5-03E9734DC537}"
EndProject
Project("{8BC9CEB8-8B4A-11D0-8D11-00A0C91BC942}") = "ReverseLinkedList", "ReverseLinkedList\ReverseLinkedList.vcxproj", "{28E5877E-1BA4-45BA-8505-0B9FBAE51CA5}"
EndProject
Project("{8BC9CEB8-8B4A-11D0-8D11-00A0C91BC942}") = "LinkedListLoopDetectAndRemove", "LinkedListLoopDetectAndRemove\LinkedListLoopDetectAndRemove.vcxproj", "{EBF579AF-70F0-44D5-8D19-6C14F2E4002F}"
EndProject
Project("{8BC9CEB8-8B4A-11D0-8D11-00A0C91BC942}") = "ArrayKthSmallest", "ArrayKthSmallest\ArrayKthSmallest.vcxproj", "{407FBD91-C487-45B3-994B-DEAFBCB56438}"
EndProject
Project("{8BC9CEB8-8B4A-11D0-8D11-00A0C91BC942}") = "SmartPtr", "SmartPtr\SmartPtr.vcxproj", "{CD0CA4F7-BC70-4D46-A652-1E92D69149E7}"
EndProject
Project("{8BC9CEB8-8B4A-11D0-8D11-00A0C91BC942}") = "QuickSelect", "QuickSelect\QuickSelect.vcxproj", "{CBAA0693-8B67-4919-A927-CE2B68041A12}"
EndProject
Project("{8BC9CEB8-8B4A-11D0-8D11-00A0C91BC942}") = "LinkedListAddNumbers", "LinkedListAddNumbers\LinkedListAddNumbers.vcxproj", "{1B923D55-C4AB-4EBB-BA09-DDDC766F0542}"
EndProject
Project("{8BC9CEB8-8B4A-11D0-8D11-00A0C91BC942}") = "LLFlattening", "LLFlattening\LLFlattening.vcxproj", "{84D2989D-18F1-4CD3-958D-EB465C680534}"
EndProject
Project("{8BC9CEB8-8B4A-11D0-8D11-00A0C91BC942}") = "LeftViewOfBT", "LeftViewOfBT\LeftViewOfBT.vcxproj", "{13B1CC1C-C850-4E0B-8FBB-601DF4BCF76C}"
EndProject
Project("{8BC9CEB8-8B4A-11D0-8D11-00A0C91BC942}") = "IsBST", "IsBST\IsBST.vcxproj", "{B4344416-1F65-48B7-873D-4BCEAAC6C955}"
EndProject
Project("{8BC9CEB8-8B4A-11D0-8D11-00A0C91BC942}") = "BinaryTreeVerticalTraversal", "BinaryTreeVerticalTraversal\BinaryTreeVerticalTraversal.vcxproj", "{55D5F2B2-F31B-4E34-8782-C5748228E38D}"
EndProject
Project("{8BC9CEB8-8B4A-11D0-8D11-00A0C91BC942}") = "BTConnectNodesAtSameLevel", "BTConnectNodesAtSameLevel\BTConnectNodesAtSameLevel.vcxproj", "{69510F06-6B9A-4FE1-93C9-9A2D2C7E84B5}"
EndProject
Project("{8BC9CEB8-8B4A-11D0-8D11-00A0C91BC942}") = "OverloadingInsertionExtraction", "OverloadingInsertionExtraction\OverloadingInsertionExtraction.vcxproj", "{FA950E42-EC77-4F2F-9241-65F1AC7B991A}"
EndProject
Project("{8BC9CEB8-8B4A-11D0-8D11-00A0C91BC942}") = "MultipleRequestAtATime", "MultipleRequestAtATime\MultipleRequestAtATime.vcxproj", "{1AA5A551-32A6-4914-9DF7-2B012F2C1156}"
EndProject
Project("{8BC9CEB8-8B4A-11D0-8D11-00A0C91BC942}") = "DiameterOfBT", "DiameterOfBT\DiameterOfBT.vcxproj", "{52DD892C-7DDF-4960-8AEB-62D323856800}"
EndProject
Project("{8BC9CEB8-8B4A-11D0-8D11-00A0C91BC942}") = "HeapSort", "HeapSort\HeapSort.vcxproj", "{8BCDD7E2-FA2F-4B57-BDB4-0C776FF4D8C1}"
EndProject
Project("{8BC9CEB8-8B4A-11D0-8D11-00A0C91BC942}") = "CountAnagrams", "CountAnagrams\CountAnagrams.vcxproj", "{902CC728-A237-498D-A21C-F3909660E0F7}"
EndProject
Project("{8BC9CEB8-8B4A-11D0-8D11-00A0C91BC942}") = "MinimumStepsToReachTarget", "MinimumStepsToReachTarget\MinimumStepsToReachTarget.vcxproj", "{EEA6C330-BBCA-46B3-BEEC-599660195AF5}"
EndProject
Project("{8BC9CEB8-8B4A-11D0-8D11-00A0C91BC942}") = "ArrayNewYearChaos", "ArrayNewYearChaos\ArrayNewYearChaos.vcxproj", "{F3AA34F1-2E24-4F9C-9924-1669D5DFA89A}"
EndProject
Project("{8BC9CEB8-8B4A-11D0-8D11-00A0C91BC942}") = "ArrayMinSwapsToSort", "ArrayMinSwapsToSort\ArrayMinSwapsToSort.vcxproj", "{5C733E88-C641-4466-B6F9-B7E40B67109B}"
EndProject
Project("{8BC9CEB8-8B4A-11D0-8D11-00A0C91BC942}") = "ArrayManipulation", "ArrayManipulation\ArrayManipulation.vcxproj", "{942CA117-D9E6-4394-AA5B-F9CA2EB3B293}"
EndProject
Project("{8BC9CEB8-8B4A-11D0-8D11-00A0C91BC942}") = "SherlockAndAnagrams", "SherlockAndAnagrams\SherlockAndAnagrams.vcxproj", "{FAF6C949-AC5E-4095-8AC4-7FD5DD0AA6D8}"
EndProject
Global
	GlobalSection(SolutionConfigurationPlatforms) = preSolution
		Debug|Any CPU = Debug|Any CPU
		Debug|x64 = Debug|x64
		Debug|x86 = Debug|x86
		Release|Any CPU = Release|Any CPU
		Release|x64 = Release|x64
		Release|x86 = Release|x86
	EndGlobalSection
	GlobalSection(ProjectConfigurationPlatforms) = postSolution
		{26F45533-6E2D-4101-8377-E3EA3BE3312C}.Debug|Any CPU.ActiveCfg = Debug|Win32
		{26F45533-6E2D-4101-8377-E3EA3BE3312C}.Debug|x64.ActiveCfg = Debug|x64
		{26F45533-6E2D-4101-8377-E3EA3BE3312C}.Debug|x64.Build.0 = Debug|x64
		{26F45533-6E2D-4101-8377-E3EA3BE3312C}.Debug|x86.ActiveCfg = Debug|Win32
		{26F45533-6E2D-4101-8377-E3EA3BE3312C}.Debug|x86.Build.0 = Debug|Win32
		{26F45533-6E2D-4101-8377-E3EA3BE3312C}.Release|Any CPU.ActiveCfg = Release|Win32
		{26F45533-6E2D-4101-8377-E3EA3BE3312C}.Release|x64.ActiveCfg = Release|x64
		{26F45533-6E2D-4101-8377-E3EA3BE3312C}.Release|x64.Build.0 = Release|x64
		{26F45533-6E2D-4101-8377-E3EA3BE3312C}.Release|x86.ActiveCfg = Release|Win32
		{26F45533-6E2D-4101-8377-E3EA3BE3312C}.Release|x86.Build.0 = Release|Win32
		{7805E584-45C1-46FA-821C-7D868E1CE997}.Debug|Any CPU.ActiveCfg = Debug|Win32
		{7805E584-45C1-46FA-821C-7D868E1CE997}.Debug|x64.ActiveCfg = Debug|x64
		{7805E584-45C1-46FA-821C-7D868E1CE997}.Debug|x64.Build.0 = Debug|x64
		{7805E584-45C1-46FA-821C-7D868E1CE997}.Debug|x86.ActiveCfg = Debug|Win32
		{7805E584-45C1-46FA-821C-7D868E1CE997}.Debug|x86.Build.0 = Debug|Win32
		{7805E584-45C1-46FA-821C-7D868E1CE997}.Release|Any CPU.ActiveCfg = Release|Win32
		{7805E584-45C1-46FA-821C-7D868E1CE997}.Release|x64.ActiveCfg = Release|x64
		{7805E584-45C1-46FA-821C-7D868E1CE997}.Release|x64.Build.0 = Release|x64
		{7805E584-45C1-46FA-821C-7D868E1CE997}.Release|x86.ActiveCfg = Release|Win32
		{7805E584-45C1-46FA-821C-7D868E1CE997}.Release|x86.Build.0 = Release|Win32
		{C2301ECF-7D13-4B7B-8097-78EDD7CCF22E}.Debug|Any CPU.ActiveCfg = Debug|Win32
		{C2301ECF-7D13-4B7B-8097-78EDD7CCF22E}.Debug|x64.ActiveCfg = Debug|x64
		{C2301ECF-7D13-4B7B-8097-78EDD7CCF22E}.Debug|x64.Build.0 = Debug|x64
		{C2301ECF-7D13-4B7B-8097-78EDD7CCF22E}.Debug|x86.ActiveCfg = Debug|Win32
		{C2301ECF-7D13-4B7B-8097-78EDD7CCF22E}.Debug|x86.Build.0 = Debug|Win32
		{C2301ECF-7D13-4B7B-8097-78EDD7CCF22E}.Release|Any CPU.ActiveCfg = Release|Win32
		{C2301ECF-7D13-4B7B-8097-78EDD7CCF22E}.Release|x64.ActiveCfg = Release|x64
		{C2301ECF-7D13-4B7B-8097-78EDD7CCF22E}.Release|x64.Build.0 = Release|x64
		{C2301ECF-7D13-4B7B-8097-78EDD7CCF22E}.Release|x86.ActiveCfg = Release|Win32
		{C2301ECF-7D13-4B7B-8097-78EDD7CCF22E}.Release|x86.Build.0 = Release|Win32
		{8AC7C049-3347-4570-B20D-67F0712808BC}.Debug|Any CPU.ActiveCfg = Debug|Any CPU
		{8AC7C049-3347-4570-B20D-67F0712808BC}.Debug|Any CPU.Build.0 = Debug|Any CPU
		{8AC7C049-3347-4570-B20D-67F0712808BC}.Debug|x64.ActiveCfg = Debug|Any CPU
		{8AC7C049-3347-4570-B20D-67F0712808BC}.Debug|x64.Build.0 = Debug|Any CPU
		{8AC7C049-3347-4570-B20D-67F0712808BC}.Debug|x86.ActiveCfg = Debug|Any CPU
		{8AC7C049-3347-4570-B20D-67F0712808BC}.Debug|x86.Build.0 = Debug|Any CPU
		{8AC7C049-3347-4570-B20D-67F0712808BC}.Release|Any CPU.ActiveCfg = Release|Any CPU
		{8AC7C049-3347-4570-B20D-67F0712808BC}.Release|Any CPU.Build.0 = Release|Any CPU
		{8AC7C049-3347-4570-B20D-67F0712808BC}.Release|x64.ActiveCfg = Release|Any CPU
		{8AC7C049-3347-4570-B20D-67F0712808BC}.Release|x64.Build.0 = Release|Any CPU
		{8AC7C049-3347-4570-B20D-67F0712808BC}.Release|x86.ActiveCfg = Release|Any CPU
		{8AC7C049-3347-4570-B20D-67F0712808BC}.Release|x86.Build.0 = Release|Any CPU
		{6300F0E5-EBC7-4A82-B87A-18C287540910}.Debug|Any CPU.ActiveCfg = Debug|Win32
		{6300F0E5-EBC7-4A82-B87A-18C287540910}.Debug|x64.ActiveCfg = Debug|x64
		{6300F0E5-EBC7-4A82-B87A-18C287540910}.Debug|x64.Build.0 = Debug|x64
		{6300F0E5-EBC7-4A82-B87A-18C287540910}.Debug|x86.ActiveCfg = Debug|Win32
		{6300F0E5-EBC7-4A82-B87A-18C287540910}.Debug|x86.Build.0 = Debug|Win32
		{6300F0E5-EBC7-4A82-B87A-18C287540910}.Release|Any CPU.ActiveCfg = Release|Win32
		{6300F0E5-EBC7-4A82-B87A-18C287540910}.Release|x64.ActiveCfg = Release|x64
		{6300F0E5-EBC7-4A82-B87A-18C287540910}.Release|x64.Build.0 = Release|x64
		{6300F0E5-EBC7-4A82-B87A-18C287540910}.Release|x86.ActiveCfg = Release|Win32
		{6300F0E5-EBC7-4A82-B87A-18C287540910}.Release|x86.Build.0 = Release|Win32
		{9485607F-2FC2-4D6A-9995-39B4B3F08044}.Debug|Any CPU.ActiveCfg = Debug|Win32
		{9485607F-2FC2-4D6A-9995-39B4B3F08044}.Debug|x64.ActiveCfg = Debug|x64
		{9485607F-2FC2-4D6A-9995-39B4B3F08044}.Debug|x64.Build.0 = Debug|x64
		{9485607F-2FC2-4D6A-9995-39B4B3F08044}.Debug|x86.ActiveCfg = Debug|Win32
		{9485607F-2FC2-4D6A-9995-39B4B3F08044}.Debug|x86.Build.0 = Debug|Win32
		{9485607F-2FC2-4D6A-9995-39B4B3F08044}.Release|Any CPU.ActiveCfg = Release|Win32
		{9485607F-2FC2-4D6A-9995-39B4B3F08044}.Release|x64.ActiveCfg = Release|x64
		{9485607F-2FC2-4D6A-9995-39B4B3F08044}.Release|x64.Build.0 = Release|x64
		{9485607F-2FC2-4D6A-9995-39B4B3F08044}.Release|x86.ActiveCfg = Release|Win32
		{9485607F-2FC2-4D6A-9995-39B4B3F08044}.Release|x86.Build.0 = Release|Win32
		{3C788268-217E-493A-9048-C71C2E902ADF}.Debug|Any CPU.ActiveCfg = Debug|Win32
		{3C788268-217E-493A-9048-C71C2E902ADF}.Debug|x64.ActiveCfg = Debug|x64
		{3C788268-217E-493A-9048-C71C2E902ADF}.Debug|x64.Build.0 = Debug|x64
		{3C788268-217E-493A-9048-C71C2E902ADF}.Debug|x86.ActiveCfg = Debug|Win32
		{3C788268-217E-493A-9048-C71C2E902ADF}.Debug|x86.Build.0 = Debug|Win32
		{3C788268-217E-493A-9048-C71C2E902ADF}.Release|Any CPU.ActiveCfg = Release|Win32
		{3C788268-217E-493A-9048-C71C2E902ADF}.Release|x64.ActiveCfg = Release|x64
		{3C788268-217E-493A-9048-C71C2E902ADF}.Release|x64.Build.0 = Release|x64
		{3C788268-217E-493A-9048-C71C2E902ADF}.Release|x86.ActiveCfg = Release|Win32
		{3C788268-217E-493A-9048-C71C2E902ADF}.Release|x86.Build.0 = Release|Win32
		{209953D6-C68F-4D79-926A-413B11D85FC4}.Debug|Any CPU.ActiveCfg = Debug|Win32
		{209953D6-C68F-4D79-926A-413B11D85FC4}.Debug|x64.ActiveCfg = Debug|x64
		{209953D6-C68F-4D79-926A-413B11D85FC4}.Debug|x64.Build.0 = Debug|x64
		{209953D6-C68F-4D79-926A-413B11D85FC4}.Debug|x86.ActiveCfg = Debug|Win32
		{209953D6-C68F-4D79-926A-413B11D85FC4}.Debug|x86.Build.0 = Debug|Win32
		{209953D6-C68F-4D79-926A-413B11D85FC4}.Release|Any CPU.ActiveCfg = Release|Win32
		{209953D6-C68F-4D79-926A-413B11D85FC4}.Release|x64.ActiveCfg = Release|x64
		{209953D6-C68F-4D79-926A-413B11D85FC4}.Release|x64.Build.0 = Release|x64
		{209953D6-C68F-4D79-926A-413B11D85FC4}.Release|x86.ActiveCfg = Release|Win32
		{209953D6-C68F-4D79-926A-413B11D85FC4}.Release|x86.Build.0 = Release|Win32
		{F183FDB5-BB5E-4F5E-A6DB-AAB8C2742D58}.Debug|Any CPU.ActiveCfg = Debug|Win32
		{F183FDB5-BB5E-4F5E-A6DB-AAB8C2742D58}.Debug|x64.ActiveCfg = Debug|x64
		{F183FDB5-BB5E-4F5E-A6DB-AAB8C2742D58}.Debug|x64.Build.0 = Debug|x64
		{F183FDB5-BB5E-4F5E-A6DB-AAB8C2742D58}.Debug|x86.ActiveCfg = Debug|Win32
		{F183FDB5-BB5E-4F5E-A6DB-AAB8C2742D58}.Debug|x86.Build.0 = Debug|Win32
		{F183FDB5-BB5E-4F5E-A6DB-AAB8C2742D58}.Release|Any CPU.ActiveCfg = Release|Win32
		{F183FDB5-BB5E-4F5E-A6DB-AAB8C2742D58}.Release|x64.ActiveCfg = Release|x64
		{F183FDB5-BB5E-4F5E-A6DB-AAB8C2742D58}.Release|x64.Build.0 = Release|x64
		{F183FDB5-BB5E-4F5E-A6DB-AAB8C2742D58}.Release|x86.ActiveCfg = Release|Win32
		{F183FDB5-BB5E-4F5E-A6DB-AAB8C2742D58}.Release|x86.Build.0 = Release|Win32
		{7506730F-03B2-4261-A5B3-2978756F3C17}.Debug|Any CPU.ActiveCfg = Debug|Win32
		{7506730F-03B2-4261-A5B3-2978756F3C17}.Debug|x64.ActiveCfg = Debug|x64
		{7506730F-03B2-4261-A5B3-2978756F3C17}.Debug|x64.Build.0 = Debug|x64
		{7506730F-03B2-4261-A5B3-2978756F3C17}.Debug|x86.ActiveCfg = Debug|Win32
		{7506730F-03B2-4261-A5B3-2978756F3C17}.Debug|x86.Build.0 = Debug|Win32
		{7506730F-03B2-4261-A5B3-2978756F3C17}.Release|Any CPU.ActiveCfg = Release|Win32
		{7506730F-03B2-4261-A5B3-2978756F3C17}.Release|x64.ActiveCfg = Release|x64
		{7506730F-03B2-4261-A5B3-2978756F3C17}.Release|x64.Build.0 = Release|x64
		{7506730F-03B2-4261-A5B3-2978756F3C17}.Release|x86.ActiveCfg = Release|Win32
		{7506730F-03B2-4261-A5B3-2978756F3C17}.Release|x86.Build.0 = Release|Win32
		{29CB7E74-AB45-470A-936B-DE9AE32D4338}.Debug|Any CPU.ActiveCfg = Debug|Win32
		{29CB7E74-AB45-470A-936B-DE9AE32D4338}.Debug|x64.ActiveCfg = Debug|x64
		{29CB7E74-AB45-470A-936B-DE9AE32D4338}.Debug|x64.Build.0 = Debug|x64
		{29CB7E74-AB45-470A-936B-DE9AE32D4338}.Debug|x86.ActiveCfg = Debug|Win32
		{29CB7E74-AB45-470A-936B-DE9AE32D4338}.Debug|x86.Build.0 = Debug|Win32
		{29CB7E74-AB45-470A-936B-DE9AE32D4338}.Release|Any CPU.ActiveCfg = Release|Win32
		{29CB7E74-AB45-470A-936B-DE9AE32D4338}.Release|x64.ActiveCfg = Release|x64
		{29CB7E74-AB45-470A-936B-DE9AE32D4338}.Release|x64.Build.0 = Release|x64
		{29CB7E74-AB45-470A-936B-DE9AE32D4338}.Release|x86.ActiveCfg = Release|Win32
		{29CB7E74-AB45-470A-936B-DE9AE32D4338}.Release|x86.Build.0 = Release|Win32
		{66E3E26B-6206-49BB-BE08-A3416140D6CE}.Debug|Any CPU.ActiveCfg = Debug|Win32
		{66E3E26B-6206-49BB-BE08-A3416140D6CE}.Debug|x64.ActiveCfg = Debug|x64
		{66E3E26B-6206-49BB-BE08-A3416140D6CE}.Debug|x64.Build.0 = Debug|x64
		{66E3E26B-6206-49BB-BE08-A3416140D6CE}.Debug|x86.ActiveCfg = Debug|Win32
		{66E3E26B-6206-49BB-BE08-A3416140D6CE}.Debug|x86.Build.0 = Debug|Win32
		{66E3E26B-6206-49BB-BE08-A3416140D6CE}.Release|Any CPU.ActiveCfg = Release|Win32
		{66E3E26B-6206-49BB-BE08-A3416140D6CE}.Release|x64.ActiveCfg = Release|x64
		{66E3E26B-6206-49BB-BE08-A3416140D6CE}.Release|x64.Build.0 = Release|x64
		{66E3E26B-6206-49BB-BE08-A3416140D6CE}.Release|x86.ActiveCfg = Release|Win32
		{66E3E26B-6206-49BB-BE08-A3416140D6CE}.Release|x86.Build.0 = Release|Win32
		{BD3A0C1D-B80E-427A-BD0A-0D327BDC3BEC}.Debug|Any CPU.ActiveCfg = Debug|Win32
		{BD3A0C1D-B80E-427A-BD0A-0D327BDC3BEC}.Debug|x64.ActiveCfg = Debug|x64
		{BD3A0C1D-B80E-427A-BD0A-0D327BDC3BEC}.Debug|x64.Build.0 = Debug|x64
		{BD3A0C1D-B80E-427A-BD0A-0D327BDC3BEC}.Debug|x86.ActiveCfg = Debug|Win32
		{BD3A0C1D-B80E-427A-BD0A-0D327BDC3BEC}.Debug|x86.Build.0 = Debug|Win32
		{BD3A0C1D-B80E-427A-BD0A-0D327BDC3BEC}.Release|Any CPU.ActiveCfg = Release|Win32
		{BD3A0C1D-B80E-427A-BD0A-0D327BDC3BEC}.Release|x64.ActiveCfg = Release|x64
		{BD3A0C1D-B80E-427A-BD0A-0D327BDC3BEC}.Release|x64.Build.0 = Release|x64
		{BD3A0C1D-B80E-427A-BD0A-0D327BDC3BEC}.Release|x86.ActiveCfg = Release|Win32
		{BD3A0C1D-B80E-427A-BD0A-0D327BDC3BEC}.Release|x86.Build.0 = Release|Win32
		{CD324416-EA1E-4A0B-B61A-9CDBF947A9C5}.Debug|Any CPU.ActiveCfg = Debug|Win32
		{CD324416-EA1E-4A0B-B61A-9CDBF947A9C5}.Debug|x64.ActiveCfg = Debug|x64
		{CD324416-EA1E-4A0B-B61A-9CDBF947A9C5}.Debug|x64.Build.0 = Debug|x64
		{CD324416-EA1E-4A0B-B61A-9CDBF947A9C5}.Debug|x86.ActiveCfg = Debug|Win32
		{CD324416-EA1E-4A0B-B61A-9CDBF947A9C5}.Debug|x86.Build.0 = Debug|Win32
		{CD324416-EA1E-4A0B-B61A-9CDBF947A9C5}.Release|Any CPU.ActiveCfg = Release|Win32
		{CD324416-EA1E-4A0B-B61A-9CDBF947A9C5}.Release|x64.ActiveCfg = Release|x64
		{CD324416-EA1E-4A0B-B61A-9CDBF947A9C5}.Release|x64.Build.0 = Release|x64
		{CD324416-EA1E-4A0B-B61A-9CDBF947A9C5}.Release|x86.ActiveCfg = Release|Win32
		{CD324416-EA1E-4A0B-B61A-9CDBF947A9C5}.Release|x86.Build.0 = Release|Win32
		{30252BB0-8405-4470-9745-D3F7B34FA39B}.Debug|Any CPU.ActiveCfg = Debug|Win32
		{30252BB0-8405-4470-9745-D3F7B34FA39B}.Debug|x64.ActiveCfg = Debug|x64
		{30252BB0-8405-4470-9745-D3F7B34FA39B}.Debug|x64.Build.0 = Debug|x64
		{30252BB0-8405-4470-9745-D3F7B34FA39B}.Debug|x86.ActiveCfg = Debug|Win32
		{30252BB0-8405-4470-9745-D3F7B34FA39B}.Debug|x86.Build.0 = Debug|Win32
		{30252BB0-8405-4470-9745-D3F7B34FA39B}.Release|Any CPU.ActiveCfg = Release|Win32
		{30252BB0-8405-4470-9745-D3F7B34FA39B}.Release|x64.ActiveCfg = Release|x64
		{30252BB0-8405-4470-9745-D3F7B34FA39B}.Release|x64.Build.0 = Release|x64
		{30252BB0-8405-4470-9745-D3F7B34FA39B}.Release|x86.ActiveCfg = Release|Win32
		{30252BB0-8405-4470-9745-D3F7B34FA39B}.Release|x86.Build.0 = Release|Win32
		{DDD62BD4-16AE-412A-AF24-A68BE7231E04}.Debug|Any CPU.ActiveCfg = Debug|Win32
		{DDD62BD4-16AE-412A-AF24-A68BE7231E04}.Debug|x64.ActiveCfg = Debug|x64
		{DDD62BD4-16AE-412A-AF24-A68BE7231E04}.Debug|x64.Build.0 = Debug|x64
		{DDD62BD4-16AE-412A-AF24-A68BE7231E04}.Debug|x86.ActiveCfg = Debug|Win32
		{DDD62BD4-16AE-412A-AF24-A68BE7231E04}.Debug|x86.Build.0 = Debug|Win32
		{DDD62BD4-16AE-412A-AF24-A68BE7231E04}.Release|Any CPU.ActiveCfg = Release|Win32
		{DDD62BD4-16AE-412A-AF24-A68BE7231E04}.Release|x64.ActiveCfg = Release|x64
		{DDD62BD4-16AE-412A-AF24-A68BE7231E04}.Release|x64.Build.0 = Release|x64
		{DDD62BD4-16AE-412A-AF24-A68BE7231E04}.Release|x86.ActiveCfg = Release|Win32
		{DDD62BD4-16AE-412A-AF24-A68BE7231E04}.Release|x86.Build.0 = Release|Win32
		{7DA42A22-65BC-4BB3-879B-FBA5D12534F6}.Debug|Any CPU.ActiveCfg = Debug|Win32
		{7DA42A22-65BC-4BB3-879B-FBA5D12534F6}.Debug|x64.ActiveCfg = Debug|x64
		{7DA42A22-65BC-4BB3-879B-FBA5D12534F6}.Debug|x64.Build.0 = Debug|x64
		{7DA42A22-65BC-4BB3-879B-FBA5D12534F6}.Debug|x86.ActiveCfg = Debug|Win32
		{7DA42A22-65BC-4BB3-879B-FBA5D12534F6}.Debug|x86.Build.0 = Debug|Win32
		{7DA42A22-65BC-4BB3-879B-FBA5D12534F6}.Release|Any CPU.ActiveCfg = Release|Win32
		{7DA42A22-65BC-4BB3-879B-FBA5D12534F6}.Release|x64.ActiveCfg = Release|x64
		{7DA42A22-65BC-4BB3-879B-FBA5D12534F6}.Release|x64.Build.0 = Release|x64
		{7DA42A22-65BC-4BB3-879B-FBA5D12534F6}.Release|x86.ActiveCfg = Release|Win32
		{7DA42A22-65BC-4BB3-879B-FBA5D12534F6}.Release|x86.Build.0 = Release|Win32
		{C74B15D9-3ACC-4536-A480-39DDB5306CBF}.Debug|Any CPU.ActiveCfg = Debug|Win32
		{C74B15D9-3ACC-4536-A480-39DDB5306CBF}.Debug|x64.ActiveCfg = Debug|x64
		{C74B15D9-3ACC-4536-A480-39DDB5306CBF}.Debug|x64.Build.0 = Debug|x64
		{C74B15D9-3ACC-4536-A480-39DDB5306CBF}.Debug|x86.ActiveCfg = Debug|Win32
		{C74B15D9-3ACC-4536-A480-39DDB5306CBF}.Debug|x86.Build.0 = Debug|Win32
		{C74B15D9-3ACC-4536-A480-39DDB5306CBF}.Release|Any CPU.ActiveCfg = Release|Win32
		{C74B15D9-3ACC-4536-A480-39DDB5306CBF}.Release|x64.ActiveCfg = Release|x64
		{C74B15D9-3ACC-4536-A480-39DDB5306CBF}.Release|x64.Build.0 = Release|x64
		{C74B15D9-3ACC-4536-A480-39DDB5306CBF}.Release|x86.ActiveCfg = Release|Win32
		{C74B15D9-3ACC-4536-A480-39DDB5306CBF}.Release|x86.Build.0 = Release|Win32
		{F649B0FE-F755-4212-9EC2-F43E6B146C2D}.Debug|Any CPU.ActiveCfg = Debug|Win32
		{F649B0FE-F755-4212-9EC2-F43E6B146C2D}.Debug|x64.ActiveCfg = Debug|x64
		{F649B0FE-F755-4212-9EC2-F43E6B146C2D}.Debug|x64.Build.0 = Debug|x64
		{F649B0FE-F755-4212-9EC2-F43E6B146C2D}.Debug|x86.ActiveCfg = Debug|Win32
		{F649B0FE-F755-4212-9EC2-F43E6B146C2D}.Debug|x86.Build.0 = Debug|Win32
		{F649B0FE-F755-4212-9EC2-F43E6B146C2D}.Release|Any CPU.ActiveCfg = Release|Win32
		{F649B0FE-F755-4212-9EC2-F43E6B146C2D}.Release|x64.ActiveCfg = Release|x64
		{F649B0FE-F755-4212-9EC2-F43E6B146C2D}.Release|x64.Build.0 = Release|x64
		{F649B0FE-F755-4212-9EC2-F43E6B146C2D}.Release|x86.ActiveCfg = Release|Win32
		{F649B0FE-F755-4212-9EC2-F43E6B146C2D}.Release|x86.Build.0 = Release|Win32
		{BFF39F5C-DFAC-4E30-A16F-7E1C7DF7C432}.Debug|Any CPU.ActiveCfg = Debug|Win32
		{BFF39F5C-DFAC-4E30-A16F-7E1C7DF7C432}.Debug|x64.ActiveCfg = Debug|x64
		{BFF39F5C-DFAC-4E30-A16F-7E1C7DF7C432}.Debug|x64.Build.0 = Debug|x64
		{BFF39F5C-DFAC-4E30-A16F-7E1C7DF7C432}.Debug|x86.ActiveCfg = Debug|Win32
		{BFF39F5C-DFAC-4E30-A16F-7E1C7DF7C432}.Debug|x86.Build.0 = Debug|Win32
		{BFF39F5C-DFAC-4E30-A16F-7E1C7DF7C432}.Release|Any CPU.ActiveCfg = Release|Win32
		{BFF39F5C-DFAC-4E30-A16F-7E1C7DF7C432}.Release|x64.ActiveCfg = Release|x64
		{BFF39F5C-DFAC-4E30-A16F-7E1C7DF7C432}.Release|x64.Build.0 = Release|x64
		{BFF39F5C-DFAC-4E30-A16F-7E1C7DF7C432}.Release|x86.ActiveCfg = Release|Win32
		{BFF39F5C-DFAC-4E30-A16F-7E1C7DF7C432}.Release|x86.Build.0 = Release|Win32
		{134821ED-647C-4FE0-BC18-6829437B51B9}.Debug|Any CPU.ActiveCfg = Debug|Win32
		{134821ED-647C-4FE0-BC18-6829437B51B9}.Debug|x64.ActiveCfg = Debug|x64
		{134821ED-647C-4FE0-BC18-6829437B51B9}.Debug|x64.Build.0 = Debug|x64
		{134821ED-647C-4FE0-BC18-6829437B51B9}.Debug|x86.ActiveCfg = Debug|Win32
		{134821ED-647C-4FE0-BC18-6829437B51B9}.Debug|x86.Build.0 = Debug|Win32
		{134821ED-647C-4FE0-BC18-6829437B51B9}.Release|Any CPU.ActiveCfg = Release|Win32
		{134821ED-647C-4FE0-BC18-6829437B51B9}.Release|x64.ActiveCfg = Release|x64
		{134821ED-647C-4FE0-BC18-6829437B51B9}.Release|x64.Build.0 = Release|x64
		{134821ED-647C-4FE0-BC18-6829437B51B9}.Release|x86.ActiveCfg = Release|Win32
		{134821ED-647C-4FE0-BC18-6829437B51B9}.Release|x86.Build.0 = Release|Win32
		{E9B43F6B-25B5-4179-BCCF-4A0347A95134}.Debug|Any CPU.ActiveCfg = Debug|Win32
		{E9B43F6B-25B5-4179-BCCF-4A0347A95134}.Debug|x64.ActiveCfg = Debug|x64
		{E9B43F6B-25B5-4179-BCCF-4A0347A95134}.Debug|x64.Build.0 = Debug|x64
		{E9B43F6B-25B5-4179-BCCF-4A0347A95134}.Debug|x86.ActiveCfg = Debug|Win32
		{E9B43F6B-25B5-4179-BCCF-4A0347A95134}.Debug|x86.Build.0 = Debug|Win32
		{E9B43F6B-25B5-4179-BCCF-4A0347A95134}.Release|Any CPU.ActiveCfg = Release|Win32
		{E9B43F6B-25B5-4179-BCCF-4A0347A95134}.Release|x64.ActiveCfg = Release|x64
		{E9B43F6B-25B5-4179-BCCF-4A0347A95134}.Release|x64.Build.0 = Release|x64
		{E9B43F6B-25B5-4179-BCCF-4A0347A95134}.Release|x86.ActiveCfg = Release|Win32
		{E9B43F6B-25B5-4179-BCCF-4A0347A95134}.Release|x86.Build.0 = Release|Win32
		{FEC46FA6-2A9B-4F65-A737-576E3BC16728}.Debug|Any CPU.ActiveCfg = Debug|Win32
		{FEC46FA6-2A9B-4F65-A737-576E3BC16728}.Debug|x64.ActiveCfg = Debug|x64
		{FEC46FA6-2A9B-4F65-A737-576E3BC16728}.Debug|x64.Build.0 = Debug|x64
		{FEC46FA6-2A9B-4F65-A737-576E3BC16728}.Debug|x86.ActiveCfg = Debug|Win32
		{FEC46FA6-2A9B-4F65-A737-576E3BC16728}.Debug|x86.Build.0 = Debug|Win32
		{FEC46FA6-2A9B-4F65-A737-576E3BC16728}.Release|Any CPU.ActiveCfg = Release|Win32
		{FEC46FA6-2A9B-4F65-A737-576E3BC16728}.Release|x64.ActiveCfg = Release|x64
		{FEC46FA6-2A9B-4F65-A737-576E3BC16728}.Release|x64.Build.0 = Release|x64
		{FEC46FA6-2A9B-4F65-A737-576E3BC16728}.Release|x86.ActiveCfg = Release|Win32
		{FEC46FA6-2A9B-4F65-A737-576E3BC16728}.Release|x86.Build.0 = Release|Win32
		{EF898E27-DF85-4A5F-BA86-C68C68BD38A7}.Debug|Any CPU.ActiveCfg = Debug|Win32
		{EF898E27-DF85-4A5F-BA86-C68C68BD38A7}.Debug|x64.ActiveCfg = Debug|x64
		{EF898E27-DF85-4A5F-BA86-C68C68BD38A7}.Debug|x64.Build.0 = Debug|x64
		{EF898E27-DF85-4A5F-BA86-C68C68BD38A7}.Debug|x86.ActiveCfg = Debug|Win32
		{EF898E27-DF85-4A5F-BA86-C68C68BD38A7}.Debug|x86.Build.0 = Debug|Win32
		{EF898E27-DF85-4A5F-BA86-C68C68BD38A7}.Release|Any CPU.ActiveCfg = Release|Win32
		{EF898E27-DF85-4A5F-BA86-C68C68BD38A7}.Release|x64.ActiveCfg = Release|x64
		{EF898E27-DF85-4A5F-BA86-C68C68BD38A7}.Release|x64.Build.0 = Release|x64
		{EF898E27-DF85-4A5F-BA86-C68C68BD38A7}.Release|x86.ActiveCfg = Release|Win32
		{EF898E27-DF85-4A5F-BA86-C68C68BD38A7}.Release|x86.Build.0 = Release|Win32
		{D628D9AA-9F5F-4C24-B7B7-C614DA8FBDE1}.Debug|Any CPU.ActiveCfg = Debug|Win32
		{D628D9AA-9F5F-4C24-B7B7-C614DA8FBDE1}.Debug|x64.ActiveCfg = Debug|x64
		{D628D9AA-9F5F-4C24-B7B7-C614DA8FBDE1}.Debug|x64.Build.0 = Debug|x64
		{D628D9AA-9F5F-4C24-B7B7-C614DA8FBDE1}.Debug|x86.ActiveCfg = Debug|Win32
		{D628D9AA-9F5F-4C24-B7B7-C614DA8FBDE1}.Debug|x86.Build.0 = Debug|Win32
		{D628D9AA-9F5F-4C24-B7B7-C614DA8FBDE1}.Release|Any CPU.ActiveCfg = Release|Win32
		{D628D9AA-9F5F-4C24-B7B7-C614DA8FBDE1}.Release|x64.ActiveCfg = Release|x64
		{D628D9AA-9F5F-4C24-B7B7-C614DA8FBDE1}.Release|x64.Build.0 = Release|x64
		{D628D9AA-9F5F-4C24-B7B7-C614DA8FBDE1}.Release|x86.ActiveCfg = Release|Win32
		{D628D9AA-9F5F-4C24-B7B7-C614DA8FBDE1}.Release|x86.Build.0 = Release|Win32
		{34E46E5C-FC1C-45E1-A3D9-5E66C44A53FD}.Debug|Any CPU.ActiveCfg = Debug|Win32
		{34E46E5C-FC1C-45E1-A3D9-5E66C44A53FD}.Debug|x64.ActiveCfg = Debug|x64
		{34E46E5C-FC1C-45E1-A3D9-5E66C44A53FD}.Debug|x64.Build.0 = Debug|x64
		{34E46E5C-FC1C-45E1-A3D9-5E66C44A53FD}.Debug|x86.ActiveCfg = Debug|Win32
		{34E46E5C-FC1C-45E1-A3D9-5E66C44A53FD}.Debug|x86.Build.0 = Debug|Win32
		{34E46E5C-FC1C-45E1-A3D9-5E66C44A53FD}.Release|Any CPU.ActiveCfg = Release|Win32
		{34E46E5C-FC1C-45E1-A3D9-5E66C44A53FD}.Release|x64.ActiveCfg = Release|x64
		{34E46E5C-FC1C-45E1-A3D9-5E66C44A53FD}.Release|x64.Build.0 = Release|x64
		{34E46E5C-FC1C-45E1-A3D9-5E66C44A53FD}.Release|x86.ActiveCfg = Release|Win32
		{34E46E5C-FC1C-45E1-A3D9-5E66C44A53FD}.Release|x86.Build.0 = Release|Win32
		{BDCB9209-CD60-4F19-A765-B0669D163B58}.Debug|Any CPU.ActiveCfg = Debug|Win32
		{BDCB9209-CD60-4F19-A765-B0669D163B58}.Debug|x64.ActiveCfg = Debug|x64
		{BDCB9209-CD60-4F19-A765-B0669D163B58}.Debug|x64.Build.0 = Debug|x64
		{BDCB9209-CD60-4F19-A765-B0669D163B58}.Debug|x86.ActiveCfg = Debug|Win32
		{BDCB9209-CD60-4F19-A765-B0669D163B58}.Debug|x86.Build.0 = Debug|Win32
		{BDCB9209-CD60-4F19-A765-B0669D163B58}.Release|Any CPU.ActiveCfg = Release|Win32
		{BDCB9209-CD60-4F19-A765-B0669D163B58}.Release|x64.ActiveCfg = Release|x64
		{BDCB9209-CD60-4F19-A765-B0669D163B58}.Release|x64.Build.0 = Release|x64
		{BDCB9209-CD60-4F19-A765-B0669D163B58}.Release|x86.ActiveCfg = Release|Win32
		{BDCB9209-CD60-4F19-A765-B0669D163B58}.Release|x86.Build.0 = Release|Win32
		{015004BF-AD1E-4509-B308-0DE67D98C5D3}.Debug|Any CPU.ActiveCfg = Debug|Win32
		{015004BF-AD1E-4509-B308-0DE67D98C5D3}.Debug|x64.ActiveCfg = Debug|x64
		{015004BF-AD1E-4509-B308-0DE67D98C5D3}.Debug|x64.Build.0 = Debug|x64
		{015004BF-AD1E-4509-B308-0DE67D98C5D3}.Debug|x86.ActiveCfg = Debug|Win32
		{015004BF-AD1E-4509-B308-0DE67D98C5D3}.Debug|x86.Build.0 = Debug|Win32
		{015004BF-AD1E-4509-B308-0DE67D98C5D3}.Release|Any CPU.ActiveCfg = Release|Win32
		{015004BF-AD1E-4509-B308-0DE67D98C5D3}.Release|x64.ActiveCfg = Release|x64
		{015004BF-AD1E-4509-B308-0DE67D98C5D3}.Release|x64.Build.0 = Release|x64
		{015004BF-AD1E-4509-B308-0DE67D98C5D3}.Release|x86.ActiveCfg = Release|Win32
		{015004BF-AD1E-4509-B308-0DE67D98C5D3}.Release|x86.Build.0 = Release|Win32
		{F432115D-F48E-4522-B88A-B60D650A9B3C}.Debug|Any CPU.ActiveCfg = Debug|Win32
		{F432115D-F48E-4522-B88A-B60D650A9B3C}.Debug|x64.ActiveCfg = Debug|x64
		{F432115D-F48E-4522-B88A-B60D650A9B3C}.Debug|x64.Build.0 = Debug|x64
		{F432115D-F48E-4522-B88A-B60D650A9B3C}.Debug|x86.ActiveCfg = Debug|Win32
		{F432115D-F48E-4522-B88A-B60D650A9B3C}.Debug|x86.Build.0 = Debug|Win32
		{F432115D-F48E-4522-B88A-B60D650A9B3C}.Release|Any CPU.ActiveCfg = Release|Win32
		{F432115D-F48E-4522-B88A-B60D650A9B3C}.Release|x64.ActiveCfg = Release|x64
		{F432115D-F48E-4522-B88A-B60D650A9B3C}.Release|x64.Build.0 = Release|x64
		{F432115D-F48E-4522-B88A-B60D650A9B3C}.Release|x86.ActiveCfg = Release|Win32
		{F432115D-F48E-4522-B88A-B60D650A9B3C}.Release|x86.Build.0 = Release|Win32
		{9CD505E2-8118-4C27-AD24-9BA82BB205EC}.Debug|Any CPU.ActiveCfg = Debug|Win32
		{9CD505E2-8118-4C27-AD24-9BA82BB205EC}.Debug|x64.ActiveCfg = Debug|x64
		{9CD505E2-8118-4C27-AD24-9BA82BB205EC}.Debug|x64.Build.0 = Debug|x64
		{9CD505E2-8118-4C27-AD24-9BA82BB205EC}.Debug|x86.ActiveCfg = Debug|Win32
		{9CD505E2-8118-4C27-AD24-9BA82BB205EC}.Debug|x86.Build.0 = Debug|Win32
		{9CD505E2-8118-4C27-AD24-9BA82BB205EC}.Release|Any CPU.ActiveCfg = Release|Win32
		{9CD505E2-8118-4C27-AD24-9BA82BB205EC}.Release|x64.ActiveCfg = Release|x64
		{9CD505E2-8118-4C27-AD24-9BA82BB205EC}.Release|x64.Build.0 = Release|x64
		{9CD505E2-8118-4C27-AD24-9BA82BB205EC}.Release|x86.ActiveCfg = Release|Win32
		{9CD505E2-8118-4C27-AD24-9BA82BB205EC}.Release|x86.Build.0 = Release|Win32
		{85784DA5-3E85-47CF-85B0-04E7FB1E0E11}.Debug|Any CPU.ActiveCfg = Debug|Win32
		{85784DA5-3E85-47CF-85B0-04E7FB1E0E11}.Debug|x64.ActiveCfg = Debug|x64
		{85784DA5-3E85-47CF-85B0-04E7FB1E0E11}.Debug|x64.Build.0 = Debug|x64
		{85784DA5-3E85-47CF-85B0-04E7FB1E0E11}.Debug|x86.ActiveCfg = Debug|Win32
		{85784DA5-3E85-47CF-85B0-04E7FB1E0E11}.Debug|x86.Build.0 = Debug|Win32
		{85784DA5-3E85-47CF-85B0-04E7FB1E0E11}.Release|Any CPU.ActiveCfg = Release|Win32
		{85784DA5-3E85-47CF-85B0-04E7FB1E0E11}.Release|x64.ActiveCfg = Release|x64
		{85784DA5-3E85-47CF-85B0-04E7FB1E0E11}.Release|x64.Build.0 = Release|x64
		{85784DA5-3E85-47CF-85B0-04E7FB1E0E11}.Release|x86.ActiveCfg = Release|Win32
		{85784DA5-3E85-47CF-85B0-04E7FB1E0E11}.Release|x86.Build.0 = Release|Win32
		{6C6F8711-1519-4663-AF71-001F996C12C0}.Debug|Any CPU.ActiveCfg = Debug|Win32
		{6C6F8711-1519-4663-AF71-001F996C12C0}.Debug|x64.ActiveCfg = Debug|x64
		{6C6F8711-1519-4663-AF71-001F996C12C0}.Debug|x64.Build.0 = Debug|x64
		{6C6F8711-1519-4663-AF71-001F996C12C0}.Debug|x86.ActiveCfg = Debug|Win32
		{6C6F8711-1519-4663-AF71-001F996C12C0}.Debug|x86.Build.0 = Debug|Win32
		{6C6F8711-1519-4663-AF71-001F996C12C0}.Release|Any CPU.ActiveCfg = Release|Win32
		{6C6F8711-1519-4663-AF71-001F996C12C0}.Release|x64.ActiveCfg = Release|x64
		{6C6F8711-1519-4663-AF71-001F996C12C0}.Release|x64.Build.0 = Release|x64
		{6C6F8711-1519-4663-AF71-001F996C12C0}.Release|x86.ActiveCfg = Release|Win32
		{6C6F8711-1519-4663-AF71-001F996C12C0}.Release|x86.Build.0 = Release|Win32
		{BEA37535-CEFD-4974-B727-5435D9B662C4}.Debug|Any CPU.ActiveCfg = Debug|Win32
		{BEA37535-CEFD-4974-B727-5435D9B662C4}.Debug|x64.ActiveCfg = Debug|x64
		{BEA37535-CEFD-4974-B727-5435D9B662C4}.Debug|x64.Build.0 = Debug|x64
		{BEA37535-CEFD-4974-B727-5435D9B662C4}.Debug|x86.ActiveCfg = Debug|Win32
		{BEA37535-CEFD-4974-B727-5435D9B662C4}.Debug|x86.Build.0 = Debug|Win32
		{BEA37535-CEFD-4974-B727-5435D9B662C4}.Release|Any CPU.ActiveCfg = Release|Win32
		{BEA37535-CEFD-4974-B727-5435D9B662C4}.Release|x64.ActiveCfg = Release|x64
		{BEA37535-CEFD-4974-B727-5435D9B662C4}.Release|x64.Build.0 = Release|x64
		{BEA37535-CEFD-4974-B727-5435D9B662C4}.Release|x86.ActiveCfg = Release|Win32
		{BEA37535-CEFD-4974-B727-5435D9B662C4}.Release|x86.Build.0 = Release|Win32
		{40B40F13-F370-46DE-B2E5-03E9734DC537}.Debug|Any CPU.ActiveCfg = Debug|Win32
		{40B40F13-F370-46DE-B2E5-03E9734DC537}.Debug|x64.ActiveCfg = Debug|x64
		{40B40F13-F370-46DE-B2E5-03E9734DC537}.Debug|x64.Build.0 = Debug|x64
		{40B40F13-F370-46DE-B2E5-03E9734DC537}.Debug|x86.ActiveCfg = Debug|Win32
		{40B40F13-F370-46DE-B2E5-03E9734DC537}.Debug|x86.Build.0 = Debug|Win32
		{40B40F13-F370-46DE-B2E5-03E9734DC537}.Release|Any CPU.ActiveCfg = Release|Win32
		{40B40F13-F370-46DE-B2E5-03E9734DC537}.Release|x64.ActiveCfg = Release|x64
		{40B40F13-F370-46DE-B2E5-03E9734DC537}.Release|x64.Build.0 = Release|x64
		{40B40F13-F370-46DE-B2E5-03E9734DC537}.Release|x86.ActiveCfg = Release|Win32
		{40B40F13-F370-46DE-B2E5-03E9734DC537}.Release|x86.Build.0 = Release|Win32
		{28E5877E-1BA4-45BA-8505-0B9FBAE51CA5}.Debug|Any CPU.ActiveCfg = Debug|Win32
		{28E5877E-1BA4-45BA-8505-0B9FBAE51CA5}.Debug|x64.ActiveCfg = Debug|x64
		{28E5877E-1BA4-45BA-8505-0B9FBAE51CA5}.Debug|x64.Build.0 = Debug|x64
		{28E5877E-1BA4-45BA-8505-0B9FBAE51CA5}.Debug|x86.ActiveCfg = Debug|Win32
		{28E5877E-1BA4-45BA-8505-0B9FBAE51CA5}.Debug|x86.Build.0 = Debug|Win32
		{28E5877E-1BA4-45BA-8505-0B9FBAE51CA5}.Release|Any CPU.ActiveCfg = Release|Win32
		{28E5877E-1BA4-45BA-8505-0B9FBAE51CA5}.Release|x64.ActiveCfg = Release|x64
		{28E5877E-1BA4-45BA-8505-0B9FBAE51CA5}.Release|x64.Build.0 = Release|x64
		{28E5877E-1BA4-45BA-8505-0B9FBAE51CA5}.Release|x86.ActiveCfg = Release|Win32
		{28E5877E-1BA4-45BA-8505-0B9FBAE51CA5}.Release|x86.Build.0 = Release|Win32
		{EBF579AF-70F0-44D5-8D19-6C14F2E4002F}.Debug|Any CPU.ActiveCfg = Debug|Win32
		{EBF579AF-70F0-44D5-8D19-6C14F2E4002F}.Debug|x64.ActiveCfg = Debug|x64
		{EBF579AF-70F0-44D5-8D19-6C14F2E4002F}.Debug|x64.Build.0 = Debug|x64
		{EBF579AF-70F0-44D5-8D19-6C14F2E4002F}.Debug|x86.ActiveCfg = Debug|Win32
		{EBF579AF-70F0-44D5-8D19-6C14F2E4002F}.Debug|x86.Build.0 = Debug|Win32
		{EBF579AF-70F0-44D5-8D19-6C14F2E4002F}.Release|Any CPU.ActiveCfg = Release|Win32
		{EBF579AF-70F0-44D5-8D19-6C14F2E4002F}.Release|x64.ActiveCfg = Release|x64
		{EBF579AF-70F0-44D5-8D19-6C14F2E4002F}.Release|x64.Build.0 = Release|x64
		{EBF579AF-70F0-44D5-8D19-6C14F2E4002F}.Release|x86.ActiveCfg = Release|Win32
		{EBF579AF-70F0-44D5-8D19-6C14F2E4002F}.Release|x86.Build.0 = Release|Win32
		{407FBD91-C487-45B3-994B-DEAFBCB56438}.Debug|Any CPU.ActiveCfg = Debug|Win32
		{407FBD91-C487-45B3-994B-DEAFBCB56438}.Debug|x64.ActiveCfg = Debug|x64
		{407FBD91-C487-45B3-994B-DEAFBCB56438}.Debug|x64.Build.0 = Debug|x64
		{407FBD91-C487-45B3-994B-DEAFBCB56438}.Debug|x86.ActiveCfg = Debug|Win32
		{407FBD91-C487-45B3-994B-DEAFBCB56438}.Debug|x86.Build.0 = Debug|Win32
		{407FBD91-C487-45B3-994B-DEAFBCB56438}.Release|Any CPU.ActiveCfg = Release|Win32
		{407FBD91-C487-45B3-994B-DEAFBCB56438}.Release|x64.ActiveCfg = Release|x64
		{407FBD91-C487-45B3-994B-DEAFBCB56438}.Release|x64.Build.0 = Release|x64
		{407FBD91-C487-45B3-994B-DEAFBCB56438}.Release|x86.ActiveCfg = Release|Win32
		{407FBD91-C487-45B3-994B-DEAFBCB56438}.Release|x86.Build.0 = Release|Win32
		{CD0CA4F7-BC70-4D46-A652-1E92D69149E7}.Debug|Any CPU.ActiveCfg = Debug|Win32
		{CD0CA4F7-BC70-4D46-A652-1E92D69149E7}.Debug|x64.ActiveCfg = Debug|x64
		{CD0CA4F7-BC70-4D46-A652-1E92D69149E7}.Debug|x64.Build.0 = Debug|x64
		{CD0CA4F7-BC70-4D46-A652-1E92D69149E7}.Debug|x86.ActiveCfg = Debug|Win32
		{CD0CA4F7-BC70-4D46-A652-1E92D69149E7}.Debug|x86.Build.0 = Debug|Win32
		{CD0CA4F7-BC70-4D46-A652-1E92D69149E7}.Release|Any CPU.ActiveCfg = Release|Win32
		{CD0CA4F7-BC70-4D46-A652-1E92D69149E7}.Release|x64.ActiveCfg = Release|x64
		{CD0CA4F7-BC70-4D46-A652-1E92D69149E7}.Release|x64.Build.0 = Release|x64
		{CD0CA4F7-BC70-4D46-A652-1E92D69149E7}.Release|x86.ActiveCfg = Release|Win32
		{CD0CA4F7-BC70-4D46-A652-1E92D69149E7}.Release|x86.Build.0 = Release|Win32
		{CBAA0693-8B67-4919-A927-CE2B68041A12}.Debug|Any CPU.ActiveCfg = Debug|Win32
		{CBAA0693-8B67-4919-A927-CE2B68041A12}.Debug|x64.ActiveCfg = Debug|x64
		{CBAA0693-8B67-4919-A927-CE2B68041A12}.Debug|x64.Build.0 = Debug|x64
		{CBAA0693-8B67-4919-A927-CE2B68041A12}.Debug|x86.ActiveCfg = Debug|Win32
		{CBAA0693-8B67-4919-A927-CE2B68041A12}.Debug|x86.Build.0 = Debug|Win32
		{CBAA0693-8B67-4919-A927-CE2B68041A12}.Release|Any CPU.ActiveCfg = Release|Win32
		{CBAA0693-8B67-4919-A927-CE2B68041A12}.Release|x64.ActiveCfg = Release|x64
		{CBAA0693-8B67-4919-A927-CE2B68041A12}.Release|x64.Build.0 = Release|x64
		{CBAA0693-8B67-4919-A927-CE2B68041A12}.Release|x86.ActiveCfg = Release|Win32
		{CBAA0693-8B67-4919-A927-CE2B68041A12}.Release|x86.Build.0 = Release|Win32
		{1B923D55-C4AB-4EBB-BA09-DDDC766F0542}.Debug|Any CPU.ActiveCfg = Debug|Win32
		{1B923D55-C4AB-4EBB-BA09-DDDC766F0542}.Debug|x64.ActiveCfg = Debug|x64
		{1B923D55-C4AB-4EBB-BA09-DDDC766F0542}.Debug|x64.Build.0 = Debug|x64
		{1B923D55-C4AB-4EBB-BA09-DDDC766F0542}.Debug|x86.ActiveCfg = Debug|Win32
		{1B923D55-C4AB-4EBB-BA09-DDDC766F0542}.Debug|x86.Build.0 = Debug|Win32
		{1B923D55-C4AB-4EBB-BA09-DDDC766F0542}.Release|Any CPU.ActiveCfg = Release|Win32
		{1B923D55-C4AB-4EBB-BA09-DDDC766F0542}.Release|x64.ActiveCfg = Release|x64
		{1B923D55-C4AB-4EBB-BA09-DDDC766F0542}.Release|x64.Build.0 = Release|x64
		{1B923D55-C4AB-4EBB-BA09-DDDC766F0542}.Release|x86.ActiveCfg = Release|Win32
		{1B923D55-C4AB-4EBB-BA09-DDDC766F0542}.Release|x86.Build.0 = Release|Win32
		{84D2989D-18F1-4CD3-958D-EB465C680534}.Debug|Any CPU.ActiveCfg = Debug|Win32
		{84D2989D-18F1-4CD3-958D-EB465C680534}.Debug|x64.ActiveCfg = Debug|x64
		{84D2989D-18F1-4CD3-958D-EB465C680534}.Debug|x64.Build.0 = Debug|x64
		{84D2989D-18F1-4CD3-958D-EB465C680534}.Debug|x86.ActiveCfg = Debug|Win32
		{84D2989D-18F1-4CD3-958D-EB465C680534}.Debug|x86.Build.0 = Debug|Win32
		{84D2989D-18F1-4CD3-958D-EB465C680534}.Release|Any CPU.ActiveCfg = Release|Win32
		{84D2989D-18F1-4CD3-958D-EB465C680534}.Release|x64.ActiveCfg = Release|x64
		{84D2989D-18F1-4CD3-958D-EB465C680534}.Release|x64.Build.0 = Release|x64
		{84D2989D-18F1-4CD3-958D-EB465C680534}.Release|x86.ActiveCfg = Release|Win32
		{84D2989D-18F1-4CD3-958D-EB465C680534}.Release|x86.Build.0 = Release|Win32
		{13B1CC1C-C850-4E0B-8FBB-601DF4BCF76C}.Debug|Any CPU.ActiveCfg = Debug|Win32
		{13B1CC1C-C850-4E0B-8FBB-601DF4BCF76C}.Debug|x64.ActiveCfg = Debug|x64
		{13B1CC1C-C850-4E0B-8FBB-601DF4BCF76C}.Debug|x64.Build.0 = Debug|x64
		{13B1CC1C-C850-4E0B-8FBB-601DF4BCF76C}.Debug|x86.ActiveCfg = Debug|Win32
		{13B1CC1C-C850-4E0B-8FBB-601DF4BCF76C}.Debug|x86.Build.0 = Debug|Win32
		{13B1CC1C-C850-4E0B-8FBB-601DF4BCF76C}.Release|Any CPU.ActiveCfg = Release|Win32
		{13B1CC1C-C850-4E0B-8FBB-601DF4BCF76C}.Release|x64.ActiveCfg = Release|x64
		{13B1CC1C-C850-4E0B-8FBB-601DF4BCF76C}.Release|x64.Build.0 = Release|x64
		{13B1CC1C-C850-4E0B-8FBB-601DF4BCF76C}.Release|x86.ActiveCfg = Release|Win32
		{13B1CC1C-C850-4E0B-8FBB-601DF4BCF76C}.Release|x86.Build.0 = Release|Win32
		{B4344416-1F65-48B7-873D-4BCEAAC6C955}.Debug|Any CPU.ActiveCfg = Debug|Win32
		{B4344416-1F65-48B7-873D-4BCEAAC6C955}.Debug|x64.ActiveCfg = Debug|x64
		{B4344416-1F65-48B7-873D-4BCEAAC6C955}.Debug|x64.Build.0 = Debug|x64
		{B4344416-1F65-48B7-873D-4BCEAAC6C955}.Debug|x86.ActiveCfg = Debug|Win32
		{B4344416-1F65-48B7-873D-4BCEAAC6C955}.Debug|x86.Build.0 = Debug|Win32
		{B4344416-1F65-48B7-873D-4BCEAAC6C955}.Release|Any CPU.ActiveCfg = Release|Win32
		{B4344416-1F65-48B7-873D-4BCEAAC6C955}.Release|x64.ActiveCfg = Release|x64
		{B4344416-1F65-48B7-873D-4BCEAAC6C955}.Release|x64.Build.0 = Release|x64
		{B4344416-1F65-48B7-873D-4BCEAAC6C955}.Release|x86.ActiveCfg = Release|Win32
		{B4344416-1F65-48B7-873D-4BCEAAC6C955}.Release|x86.Build.0 = Release|Win32
		{55D5F2B2-F31B-4E34-8782-C5748228E38D}.Debug|Any CPU.ActiveCfg = Debug|Win32
		{55D5F2B2-F31B-4E34-8782-C5748228E38D}.Debug|x64.ActiveCfg = Debug|x64
		{55D5F2B2-F31B-4E34-8782-C5748228E38D}.Debug|x64.Build.0 = Debug|x64
		{55D5F2B2-F31B-4E34-8782-C5748228E38D}.Debug|x86.ActiveCfg = Debug|Win32
		{55D5F2B2-F31B-4E34-8782-C5748228E38D}.Debug|x86.Build.0 = Debug|Win32
		{55D5F2B2-F31B-4E34-8782-C5748228E38D}.Release|Any CPU.ActiveCfg = Release|Win32
		{55D5F2B2-F31B-4E34-8782-C5748228E38D}.Release|x64.ActiveCfg = Release|x64
		{55D5F2B2-F31B-4E34-8782-C5748228E38D}.Release|x64.Build.0 = Release|x64
		{55D5F2B2-F31B-4E34-8782-C5748228E38D}.Release|x86.ActiveCfg = Release|Win32
		{55D5F2B2-F31B-4E34-8782-C5748228E38D}.Release|x86.Build.0 = Release|Win32
		{69510F06-6B9A-4FE1-93C9-9A2D2C7E84B5}.Debug|Any CPU.ActiveCfg = Debug|Win32
		{69510F06-6B9A-4FE1-93C9-9A2D2C7E84B5}.Debug|x64.ActiveCfg = Debug|x64
		{69510F06-6B9A-4FE1-93C9-9A2D2C7E84B5}.Debug|x64.Build.0 = Debug|x64
		{69510F06-6B9A-4FE1-93C9-9A2D2C7E84B5}.Debug|x86.ActiveCfg = Debug|Win32
		{69510F06-6B9A-4FE1-93C9-9A2D2C7E84B5}.Debug|x86.Build.0 = Debug|Win32
		{69510F06-6B9A-4FE1-93C9-9A2D2C7E84B5}.Release|Any CPU.ActiveCfg = Release|Win32
		{69510F06-6B9A-4FE1-93C9-9A2D2C7E84B5}.Release|x64.ActiveCfg = Release|x64
		{69510F06-6B9A-4FE1-93C9-9A2D2C7E84B5}.Release|x64.Build.0 = Release|x64
		{69510F06-6B9A-4FE1-93C9-9A2D2C7E84B5}.Release|x86.ActiveCfg = Release|Win32
		{69510F06-6B9A-4FE1-93C9-9A2D2C7E84B5}.Release|x86.Build.0 = Release|Win32
		{FA950E42-EC77-4F2F-9241-65F1AC7B991A}.Debug|Any CPU.ActiveCfg = Debug|Win32
		{FA950E42-EC77-4F2F-9241-65F1AC7B991A}.Debug|x64.ActiveCfg = Debug|x64
		{FA950E42-EC77-4F2F-9241-65F1AC7B991A}.Debug|x64.Build.0 = Debug|x64
		{FA950E42-EC77-4F2F-9241-65F1AC7B991A}.Debug|x86.ActiveCfg = Debug|Win32
		{FA950E42-EC77-4F2F-9241-65F1AC7B991A}.Debug|x86.Build.0 = Debug|Win32
		{FA950E42-EC77-4F2F-9241-65F1AC7B991A}.Release|Any CPU.ActiveCfg = Release|Win32
		{FA950E42-EC77-4F2F-9241-65F1AC7B991A}.Release|x64.ActiveCfg = Release|x64
		{FA950E42-EC77-4F2F-9241-65F1AC7B991A}.Release|x64.Build.0 = Release|x64
		{FA950E42-EC77-4F2F-9241-65F1AC7B991A}.Release|x86.ActiveCfg = Release|Win32
		{FA950E42-EC77-4F2F-9241-65F1AC7B991A}.Release|x86.Build.0 = Release|Win32
		{1AA5A551-32A6-4914-9DF7-2B012F2C1156}.Debug|Any CPU.ActiveCfg = Debug|Win32
		{1AA5A551-32A6-4914-9DF7-2B012F2C1156}.Debug|x64.ActiveCfg = Debug|x64
		{1AA5A551-32A6-4914-9DF7-2B012F2C1156}.Debug|x64.Build.0 = Debug|x64
		{1AA5A551-32A6-4914-9DF7-2B012F2C1156}.Debug|x86.ActiveCfg = Debug|Win32
		{1AA5A551-32A6-4914-9DF7-2B012F2C1156}.Debug|x86.Build.0 = Debug|Win32
		{1AA5A551-32A6-4914-9DF7-2B012F2C1156}.Release|Any CPU.ActiveCfg = Release|Win32
		{1AA5A551-32A6-4914-9DF7-2B012F2C1156}.Release|x64.ActiveCfg = Release|x64
		{1AA5A551-32A6-4914-9DF7-2B012F2C1156}.Release|x64.Build.0 = Release|x64
		{1AA5A551-32A6-4914-9DF7-2B012F2C1156}.Release|x86.ActiveCfg = Release|Win32
		{1AA5A551-32A6-4914-9DF7-2B012F2C1156}.Release|x86.Build.0 = Release|Win32
		{52DD892C-7DDF-4960-8AEB-62D323856800}.Debug|Any CPU.ActiveCfg = Debug|Win32
		{52DD892C-7DDF-4960-8AEB-62D323856800}.Debug|x64.ActiveCfg = Debug|x64
		{52DD892C-7DDF-4960-8AEB-62D323856800}.Debug|x64.Build.0 = Debug|x64
		{52DD892C-7DDF-4960-8AEB-62D323856800}.Debug|x86.ActiveCfg = Debug|Win32
		{52DD892C-7DDF-4960-8AEB-62D323856800}.Debug|x86.Build.0 = Debug|Win32
		{52DD892C-7DDF-4960-8AEB-62D323856800}.Release|Any CPU.ActiveCfg = Release|Win32
		{52DD892C-7DDF-4960-8AEB-62D323856800}.Release|x64.ActiveCfg = Release|x64
		{52DD892C-7DDF-4960-8AEB-62D323856800}.Release|x64.Build.0 = Release|x64
		{52DD892C-7DDF-4960-8AEB-62D323856800}.Release|x86.ActiveCfg = Release|Win32
		{52DD892C-7DDF-4960-8AEB-62D323856800}.Release|x86.Build.0 = Release|Win32
		{8BCDD7E2-FA2F-4B57-BDB4-0C776FF4D8C1}.Debug|Any CPU.ActiveCfg = Debug|Win32
		{8BCDD7E2-FA2F-4B57-BDB4-0C776FF4D8C1}.Debug|x64.ActiveCfg = Debug|x64
		{8BCDD7E2-FA2F-4B57-BDB4-0C776FF4D8C1}.Debug|x64.Build.0 = Debug|x64
		{8BCDD7E2-FA2F-4B57-BDB4-0C776FF4D8C1}.Debug|x86.ActiveCfg = Debug|Win32
		{8BCDD7E2-FA2F-4B57-BDB4-0C776FF4D8C1}.Debug|x86.Build.0 = Debug|Win32
		{8BCDD7E2-FA2F-4B57-BDB4-0C776FF4D8C1}.Release|Any CPU.ActiveCfg = Release|Win32
		{8BCDD7E2-FA2F-4B57-BDB4-0C776FF4D8C1}.Release|x64.ActiveCfg = Release|x64
		{8BCDD7E2-FA2F-4B57-BDB4-0C776FF4D8C1}.Release|x64.Build.0 = Release|x64
		{8BCDD7E2-FA2F-4B57-BDB4-0C776FF4D8C1}.Release|x86.ActiveCfg = Release|Win32
		{8BCDD7E2-FA2F-4B57-BDB4-0C776FF4D8C1}.Release|x86.Build.0 = Release|Win32
		{902CC728-A237-498D-A21C-F3909660E0F7}.Debug|Any CPU.ActiveCfg = Debug|Win32
		{902CC728-A237-498D-A21C-F3909660E0F7}.Debug|x64.ActiveCfg = Debug|x64
		{902CC728-A237-498D-A21C-F3909660E0F7}.Debug|x64.Build.0 = Debug|x64
		{902CC728-A237-498D-A21C-F3909660E0F7}.Debug|x86.ActiveCfg = Debug|Win32
		{902CC728-A237-498D-A21C-F3909660E0F7}.Debug|x86.Build.0 = Debug|Win32
		{902CC728-A237-498D-A21C-F3909660E0F7}.Release|Any CPU.ActiveCfg = Release|Win32
		{902CC728-A237-498D-A21C-F3909660E0F7}.Release|x64.ActiveCfg = Release|x64
		{902CC728-A237-498D-A21C-F3909660E0F7}.Release|x64.Build.0 = Release|x64
		{902CC728-A237-498D-A21C-F3909660E0F7}.Release|x86.ActiveCfg = Release|Win32
		{902CC728-A237-498D-A21C-F3909660E0F7}.Release|x86.Build.0 = Release|Win32
		{EEA6C330-BBCA-46B3-BEEC-599660195AF5}.Debug|Any CPU.ActiveCfg = Debug|Win32
		{EEA6C330-BBCA-46B3-BEEC-599660195AF5}.Debug|x64.ActiveCfg = Debug|x64
		{EEA6C330-BBCA-46B3-BEEC-599660195AF5}.Debug|x64.Build.0 = Debug|x64
		{EEA6C330-BBCA-46B3-BEEC-599660195AF5}.Debug|x86.ActiveCfg = Debug|Win32
		{EEA6C330-BBCA-46B3-BEEC-599660195AF5}.Debug|x86.Build.0 = Debug|Win32
		{EEA6C330-BBCA-46B3-BEEC-599660195AF5}.Release|Any CPU.ActiveCfg = Release|Win32
		{EEA6C330-BBCA-46B3-BEEC-599660195AF5}.Release|x64.ActiveCfg = Release|x64
		{EEA6C330-BBCA-46B3-BEEC-599660195AF5}.Release|x64.Build.0 = Release|x64
		{EEA6C330-BBCA-46B3-BEEC-599660195AF5}.Release|x86.ActiveCfg = Release|Win32
		{EEA6C330-BBCA-46B3-BEEC-599660195AF5}.Release|x86.Build.0 = Release|Win32
		{F3AA34F1-2E24-4F9C-9924-1669D5DFA89A}.Debug|Any CPU.ActiveCfg = Debug|Win32
		{F3AA34F1-2E24-4F9C-9924-1669D5DFA89A}.Debug|x64.ActiveCfg = Debug|x64
		{F3AA34F1-2E24-4F9C-9924-1669D5DFA89A}.Debug|x64.Build.0 = Debug|x64
		{F3AA34F1-2E24-4F9C-9924-1669D5DFA89A}.Debug|x86.ActiveCfg = Debug|Win32
		{F3AA34F1-2E24-4F9C-9924-1669D5DFA89A}.Debug|x86.Build.0 = Debug|Win32
		{F3AA34F1-2E24-4F9C-9924-1669D5DFA89A}.Release|Any CPU.ActiveCfg = Release|Win32
		{F3AA34F1-2E24-4F9C-9924-1669D5DFA89A}.Release|x64.ActiveCfg = Release|x64
		{F3AA34F1-2E24-4F9C-9924-1669D5DFA89A}.Release|x64.Build.0 = Release|x64
		{F3AA34F1-2E24-4F9C-9924-1669D5DFA89A}.Release|x86.ActiveCfg = Release|Win32
		{F3AA34F1-2E24-4F9C-9924-1669D5DFA89A}.Release|x86.Build.0 = Release|Win32
		{5C733E88-C641-4466-B6F9-B7E40B67109B}.Debug|Any CPU.ActiveCfg = Debug|Win32
		{5C733E88-C641-4466-B6F9-B7E40B67109B}.Debug|x64.ActiveCfg = Debug|x64
		{5C733E88-C641-4466-B6F9-B7E40B67109B}.Debug|x64.Build.0 = Debug|x64
		{5C733E88-C641-4466-B6F9-B7E40B67109B}.Debug|x86.ActiveCfg = Debug|Win32
		{5C733E88-C641-4466-B6F9-B7E40B67109B}.Debug|x86.Build.0 = Debug|Win32
		{5C733E88-C641-4466-B6F9-B7E40B67109B}.Release|Any CPU.ActiveCfg = Release|Win32
		{5C733E88-C641-4466-B6F9-B7E40B67109B}.Release|x64.ActiveCfg = Release|x64
		{5C733E88-C641-4466-B6F9-B7E40B67109B}.Release|x64.Build.0 = Release|x64
		{5C733E88-C641-4466-B6F9-B7E40B67109B}.Release|x86.ActiveCfg = Release|Win32
		{5C733E88-C641-4466-B6F9-B7E40B67109B}.Release|x86.Build.0 = Release|Win32
		{942CA117-D9E6-4394-AA5B-F9CA2EB3B293}.Debug|Any CPU.ActiveCfg = Debug|Win32
		{942CA117-D9E6-4394-AA5B-F9CA2EB3B293}.Debug|x64.ActiveCfg = Debug|x64
		{942CA117-D9E6-4394-AA5B-F9CA2EB3B293}.Debug|x64.Build.0 = Debug|x64
		{942CA117-D9E6-4394-AA5B-F9CA2EB3B293}.Debug|x86.ActiveCfg = Debug|Win32
		{942CA117-D9E6-4394-AA5B-F9CA2EB3B293}.Debug|x86.Build.0 = Debug|Win32
		{942CA117-D9E6-4394-AA5B-F9CA2EB3B293}.Release|Any CPU.ActiveCfg = Release|Win32
		{942CA117-D9E6-4394-AA5B-F9CA2EB3B293}.Release|x64.ActiveCfg = Release|x64
		{942CA117-D9E6-4394-AA5B-F9CA2EB3B293}.Release|x64.Build.0 = Release|x64
		{942CA117-D9E6-4394-AA5B-F9CA2EB3B293}.Release|x86.ActiveCfg = Release|Win32
		{942CA117-D9E6-4394-AA5B-F9CA2EB3B293}.Release|x86.Build.0 = Release|Win32
		{FAF6C949-AC5E-4095-8AC4-7FD5DD0AA6D8}.Debug|Any CPU.ActiveCfg = Debug|Win32
		{FAF6C949-AC5E-4095-8AC4-7FD5DD0AA6D8}.Debug|x64.ActiveCfg = Debug|x64
		{FAF6C949-AC5E-4095-8AC4-7FD5DD0AA6D8}.Debug|x64.Build.0 = Debug|x64
		{FAF6C949-AC5E-4095-8AC4-7FD5DD0AA6D8}.Debug|x86.ActiveCfg = Debug|Win32
		{FAF6C949-AC5E-4095-8AC4-7FD5DD0AA6D8}.Debug|x86.Build.0 = Debug|Win32
		{FAF6C949-AC5E-4095-8AC4-7FD5DD0AA6D8}.Release|Any CPU.ActiveCfg = Release|Win32
		{FAF6C949-AC5E-4095-8AC4-7FD5DD0AA6D8}.Release|x64.ActiveCfg = Release|x64
		{FAF6C949-AC5E-4095-8AC4-7FD5DD0AA6D8}.Release|x64.Build.0 = Release|x64
		{FAF6C949-AC5E-4095-8AC4-7FD5DD0AA6D8}.Release|x86.ActiveCfg = Release|Win32
		{FAF6C949-AC5E-4095-8AC4-7FD5DD0AA6D8}.Release|x86.Build.0 = Release|Win32
	EndGlobalSection
	GlobalSection(SolutionProperties) = preSolution
		HideSolutionNode = FALSE
	EndGlobalSection
	GlobalSection(ExtensibilityGlobals) = postSolution
		SolutionGuid = {F4785F73-4E02-4983-875E-1D46801B2E16}
	EndGlobalSection
EndGlobal
