
Microsoft Visual Studio Solution File, Format Version 12.00
# Visual Studio Version 16
VisualStudioVersion = 16.0.28729.10
MinimumVisualStudioVersion = 10.0.40219.1
Project("{8BC9CEB8-8B4A-11D0-8D11-00A0C91BC942}") = "DataStructureSample", "DataStructureSample\DataStructureSample.vcxproj", "{26F45533-6E2D-4101-8377-E3EA3BE3312C}"
EndProject
Project("{8BC9CEB8-8B4A-11D0-8D11-00A0C91BC942}") = "LinkedList", "LinkedList\LinkedList.vcxproj", "{7805E584-45C1-46FA-821C-7D868E1CE997}"
EndProject
Project("{8BC9CEB8-8B4A-11D0-8D11-00A0C91BC942}") = "PostfixEvaluationTest", "PostfixEvaluationTest\PostfixEvaluationTest.vcxproj", "{C2301ECF-7D13-4B7B-8097-78EDD7CCF22E}"
EndProject
Project("{FAE04EC0-301F-11D3-BF4B-00C04F79EFBC}") = "ExceptionTest", "ExceptionTest\ExceptionTest.csproj", "{8AC7C049-3347-4570-B20D-67F0712808BC}"
EndProject
Project("{8BC9CEB8-8B4A-11D0-8D11-00A0C91BC942}") = "InfixToPostfix", "InfixToPostfix\InfixToPostfix.vcxproj", "{6300F0E5-EBC7-4A82-B87A-18C287540910}"
EndProject
Project("{8BC9CEB8-8B4A-11D0-8D11-00A0C91BC942}") = "BinarySearchTree", "BinarySearchTree\BinarySearchTree.vcxproj", "{9485607F-2FC2-4D6A-9995-39B4B3F08044}"
EndProject
Project("{8BC9CEB8-8B4A-11D0-8D11-00A0C91BC942}") = "RopeProblemRecursion", "RopeProblemRecursion\RopeProblemRecursion.vcxproj", "{3C788268-217E-493A-9048-C71C2E902ADF}"
EndProject
Project("{8BC9CEB8-8B4A-11D0-8D11-00A0C91BC942}") = "RecursionFindElementInArray", "RecursionFindElementInArray\RecursionFindElementInArray.vcxproj", "{209953D6-C68F-4D79-926A-413B11D85FC4}"
EndProject
Project("{8BC9CEB8-8B4A-11D0-8D11-00A0C91BC942}") = "RecursionPalindrome", "RecursionPalindrome\RecursionPalindrome.vcxproj", "{F183FDB5-BB5E-4F5E-A6DB-AAB8C2742D58}"
EndProject
Project("{8BC9CEB8-8B4A-11D0-8D11-00A0C91BC942}") = "RecursionNumberOfDigits", "RecursionNumberOfDigits\RecursionNumberOfDigits.vcxproj", "{7506730F-03B2-4261-A5B3-2978756F3C17}"
EndProject
Project("{8BC9CEB8-8B4A-11D0-8D11-00A0C91BC942}") = "RecursionSumOfDigis", "RecursionSumOfDigis\RecursionSumOfDigis.vcxproj", "{29CB7E74-AB45-470A-936B-DE9AE32D4338}"
EndProject
Project("{8BC9CEB8-8B4A-11D0-8D11-00A0C91BC942}") = "PerfectRoot", "PerfectRoot\PerfectRoot.vcxproj", "{66E3E26B-6206-49BB-BE08-A3416140D6CE}"
EndProject
Project("{8BC9CEB8-8B4A-11D0-8D11-00A0C91BC942}") = "ArrayRotation", "ArrayRotation\ArrayRotation.vcxproj", "{BD3A0C1D-B80E-427A-BD0A-0D327BDC3BEC}"
EndProject
Project("{8BC9CEB8-8B4A-11D0-8D11-00A0C91BC942}") = "TrappingRainWater", "TrappingRainWater\TrappingRainWater.vcxproj", "{CD324416-EA1E-4A0B-B61A-9CDBF947A9C5}"
EndProject
Project("{8BC9CEB8-8B4A-11D0-8D11-00A0C91BC942}") = "ArrayGetShadow", "ArrayGetShadow\ArrayGetShadow.vcxproj", "{30252BB0-8405-4470-9745-D3F7B34FA39B}"
EndProject
Project("{8BC9CEB8-8B4A-11D0-8D11-00A0C91BC942}") = "ArrayTheConversionToOne", "ArrayTheConversionToOne\ArrayTheConversionToOne.vcxproj", "{DDD62BD4-16AE-412A-AF24-A68BE7231E04}"
EndProject
Project("{8BC9CEB8-8B4A-11D0-8D11-00A0C91BC942}") = "PossibleWordsFromPhoneDigits", "PossibleWordsFromPhoneDigits\PossibleWordsFromPhoneDigits.vcxproj", "{7DA42A22-65BC-4BB3-879B-FBA5D12534F6}"
EndProject
Project("{8BC9CEB8-8B4A-11D0-8D11-00A0C91BC942}") = "SpiralTraversalMatrix", "SpiralTraversalMatrix\SpiralTraversalMatrix.vcxproj", "{C74B15D9-3ACC-4536-A480-39DDB5306CBF}"
EndProject
Project("{8BC9CEB8-8B4A-11D0-8D11-00A0C91BC942}") = "BinarySearch", "BinarySearch\BinarySearch.vcxproj", "{F649B0FE-F755-4212-9EC2-F43E6B146C2D}"
EndProject
Project("{8BC9CEB8-8B4A-11D0-8D11-00A0C91BC942}") = "SubarrayWithGivenSum", "SubarrayWithGivenSum\SubarrayWithGivenSum.vcxproj", "{BFF39F5C-DFAC-4E30-A16F-7E1C7DF7C432}"
EndProject
Project("{8BC9CEB8-8B4A-11D0-8D11-00A0C91BC942}") = "PointerExample", "PointerExample\PointerExample.vcxproj", "{134821ED-647C-4FE0-BC18-6829437B51B9}"
EndProject
Project("{8BC9CEB8-8B4A-11D0-8D11-00A0C91BC942}") = "Sorting", "Sorting\Sorting.vcxproj", "{E9B43F6B-25B5-4179-BCCF-4A0347A95134}"
EndProject
Project("{8BC9CEB8-8B4A-11D0-8D11-00A0C91BC942}") = "FirstNonRepeatingCharacter", "FirstNonRepeatingCharacter\FirstNonRepeatingCharacter.vcxproj", "{FEC46FA6-2A9B-4F65-A737-576E3BC16728}"
EndProject
Global
	GlobalSection(SolutionConfigurationPlatforms) = preSolution
		Debug|Any CPU = Debug|Any CPU
		Debug|x64 = Debug|x64
		Debug|x86 = Debug|x86
		Release|Any CPU = Release|Any CPU
		Release|x64 = Release|x64
		Release|x86 = Release|x86
	EndGlobalSection
	GlobalSection(ProjectConfigurationPlatforms) = postSolution
		{26F45533-6E2D-4101-8377-E3EA3BE3312C}.Debug|Any CPU.ActiveCfg = Debug|Win32
		{26F45533-6E2D-4101-8377-E3EA3BE3312C}.Debug|x64.ActiveCfg = Debug|x64
		{26F45533-6E2D-4101-8377-E3EA3BE3312C}.Debug|x64.Build.0 = Debug|x64
		{26F45533-6E2D-4101-8377-E3EA3BE3312C}.Debug|x86.ActiveCfg = Debug|Win32
		{26F45533-6E2D-4101-8377-E3EA3BE3312C}.Debug|x86.Build.0 = Debug|Win32
		{26F45533-6E2D-4101-8377-E3EA3BE3312C}.Release|Any CPU.ActiveCfg = Release|Win32
		{26F45533-6E2D-4101-8377-E3EA3BE3312C}.Release|x64.ActiveCfg = Release|x64
		{26F45533-6E2D-4101-8377-E3EA3BE3312C}.Release|x64.Build.0 = Release|x64
		{26F45533-6E2D-4101-8377-E3EA3BE3312C}.Release|x86.ActiveCfg = Release|Win32
		{26F45533-6E2D-4101-8377-E3EA3BE3312C}.Release|x86.Build.0 = Release|Win32
		{7805E584-45C1-46FA-821C-7D868E1CE997}.Debug|Any CPU.ActiveCfg = Debug|Win32
		{7805E584-45C1-46FA-821C-7D868E1CE997}.Debug|x64.ActiveCfg = Debug|x64
		{7805E584-45C1-46FA-821C-7D868E1CE997}.Debug|x64.Build.0 = Debug|x64
		{7805E584-45C1-46FA-821C-7D868E1CE997}.Debug|x86.ActiveCfg = Debug|Win32
		{7805E584-45C1-46FA-821C-7D868E1CE997}.Debug|x86.Build.0 = Debug|Win32
		{7805E584-45C1-46FA-821C-7D868E1CE997}.Release|Any CPU.ActiveCfg = Release|Win32
		{7805E584-45C1-46FA-821C-7D868E1CE997}.Release|x64.ActiveCfg = Release|x64
		{7805E584-45C1-46FA-821C-7D868E1CE997}.Release|x64.Build.0 = Release|x64
		{7805E584-45C1-46FA-821C-7D868E1CE997}.Release|x86.ActiveCfg = Release|Win32
		{7805E584-45C1-46FA-821C-7D868E1CE997}.Release|x86.Build.0 = Release|Win32
		{C2301ECF-7D13-4B7B-8097-78EDD7CCF22E}.Debug|Any CPU.ActiveCfg = Debug|Win32
		{C2301ECF-7D13-4B7B-8097-78EDD7CCF22E}.Debug|x64.ActiveCfg = Debug|x64
		{C2301ECF-7D13-4B7B-8097-78EDD7CCF22E}.Debug|x64.Build.0 = Debug|x64
		{C2301ECF-7D13-4B7B-8097-78EDD7CCF22E}.Debug|x86.ActiveCfg = Debug|Win32
		{C2301ECF-7D13-4B7B-8097-78EDD7CCF22E}.Debug|x86.Build.0 = Debug|Win32
		{C2301ECF-7D13-4B7B-8097-78EDD7CCF22E}.Release|Any CPU.ActiveCfg = Release|Win32
		{C2301ECF-7D13-4B7B-8097-78EDD7CCF22E}.Release|x64.ActiveCfg = Release|x64
		{C2301ECF-7D13-4B7B-8097-78EDD7CCF22E}.Release|x64.Build.0 = Release|x64
		{C2301ECF-7D13-4B7B-8097-78EDD7CCF22E}.Release|x86.ActiveCfg = Release|Win32
		{C2301ECF-7D13-4B7B-8097-78EDD7CCF22E}.Release|x86.Build.0 = Release|Win32
		{8AC7C049-3347-4570-B20D-67F0712808BC}.Debug|Any CPU.ActiveCfg = Debug|Any CPU
		{8AC7C049-3347-4570-B20D-67F0712808BC}.Debug|Any CPU.Build.0 = Debug|Any CPU
		{8AC7C049-3347-4570-B20D-67F0712808BC}.Debug|x64.ActiveCfg = Debug|Any CPU
		{8AC7C049-3347-4570-B20D-67F0712808BC}.Debug|x64.Build.0 = Debug|Any CPU
		{8AC7C049-3347-4570-B20D-67F0712808BC}.Debug|x86.ActiveCfg = Debug|Any CPU
		{8AC7C049-3347-4570-B20D-67F0712808BC}.Debug|x86.Build.0 = Debug|Any CPU
		{8AC7C049-3347-4570-B20D-67F0712808BC}.Release|Any CPU.ActiveCfg = Release|Any CPU
		{8AC7C049-3347-4570-B20D-67F0712808BC}.Release|Any CPU.Build.0 = Release|Any CPU
		{8AC7C049-3347-4570-B20D-67F0712808BC}.Release|x64.ActiveCfg = Release|Any CPU
		{8AC7C049-3347-4570-B20D-67F0712808BC}.Release|x64.Build.0 = Release|Any CPU
		{8AC7C049-3347-4570-B20D-67F0712808BC}.Release|x86.ActiveCfg = Release|Any CPU
		{8AC7C049-3347-4570-B20D-67F0712808BC}.Release|x86.Build.0 = Release|Any CPU
		{6300F0E5-EBC7-4A82-B87A-18C287540910}.Debug|Any CPU.ActiveCfg = Debug|Win32
		{6300F0E5-EBC7-4A82-B87A-18C287540910}.Debug|x64.ActiveCfg = Debug|x64
		{6300F0E5-EBC7-4A82-B87A-18C287540910}.Debug|x64.Build.0 = Debug|x64
		{6300F0E5-EBC7-4A82-B87A-18C287540910}.Debug|x86.ActiveCfg = Debug|Win32
		{6300F0E5-EBC7-4A82-B87A-18C287540910}.Debug|x86.Build.0 = Debug|Win32
		{6300F0E5-EBC7-4A82-B87A-18C287540910}.Release|Any CPU.ActiveCfg = Release|Win32
		{6300F0E5-EBC7-4A82-B87A-18C287540910}.Release|x64.ActiveCfg = Release|x64
		{6300F0E5-EBC7-4A82-B87A-18C287540910}.Release|x64.Build.0 = Release|x64
		{6300F0E5-EBC7-4A82-B87A-18C287540910}.Release|x86.ActiveCfg = Release|Win32
		{6300F0E5-EBC7-4A82-B87A-18C287540910}.Release|x86.Build.0 = Release|Win32
		{9485607F-2FC2-4D6A-9995-39B4B3F08044}.Debug|Any CPU.ActiveCfg = Debug|Win32
		{9485607F-2FC2-4D6A-9995-39B4B3F08044}.Debug|x64.ActiveCfg = Debug|x64
		{9485607F-2FC2-4D6A-9995-39B4B3F08044}.Debug|x64.Build.0 = Debug|x64
		{9485607F-2FC2-4D6A-9995-39B4B3F08044}.Debug|x86.ActiveCfg = Debug|Win32
		{9485607F-2FC2-4D6A-9995-39B4B3F08044}.Debug|x86.Build.0 = Debug|Win32
		{9485607F-2FC2-4D6A-9995-39B4B3F08044}.Release|Any CPU.ActiveCfg = Release|Win32
		{9485607F-2FC2-4D6A-9995-39B4B3F08044}.Release|x64.ActiveCfg = Release|x64
		{9485607F-2FC2-4D6A-9995-39B4B3F08044}.Release|x64.Build.0 = Release|x64
		{9485607F-2FC2-4D6A-9995-39B4B3F08044}.Release|x86.ActiveCfg = Release|Win32
		{9485607F-2FC2-4D6A-9995-39B4B3F08044}.Release|x86.Build.0 = Release|Win32
		{3C788268-217E-493A-9048-C71C2E902ADF}.Debug|Any CPU.ActiveCfg = Debug|Win32
		{3C788268-217E-493A-9048-C71C2E902ADF}.Debug|x64.ActiveCfg = Debug|x64
		{3C788268-217E-493A-9048-C71C2E902ADF}.Debug|x64.Build.0 = Debug|x64
		{3C788268-217E-493A-9048-C71C2E902ADF}.Debug|x86.ActiveCfg = Debug|Win32
		{3C788268-217E-493A-9048-C71C2E902ADF}.Debug|x86.Build.0 = Debug|Win32
		{3C788268-217E-493A-9048-C71C2E902ADF}.Release|Any CPU.ActiveCfg = Release|Win32
		{3C788268-217E-493A-9048-C71C2E902ADF}.Release|x64.ActiveCfg = Release|x64
		{3C788268-217E-493A-9048-C71C2E902ADF}.Release|x64.Build.0 = Release|x64
		{3C788268-217E-493A-9048-C71C2E902ADF}.Release|x86.ActiveCfg = Release|Win32
		{3C788268-217E-493A-9048-C71C2E902ADF}.Release|x86.Build.0 = Release|Win32
		{209953D6-C68F-4D79-926A-413B11D85FC4}.Debug|Any CPU.ActiveCfg = Debug|Win32
		{209953D6-C68F-4D79-926A-413B11D85FC4}.Debug|x64.ActiveCfg = Debug|x64
		{209953D6-C68F-4D79-926A-413B11D85FC4}.Debug|x64.Build.0 = Debug|x64
		{209953D6-C68F-4D79-926A-413B11D85FC4}.Debug|x86.ActiveCfg = Debug|Win32
		{209953D6-C68F-4D79-926A-413B11D85FC4}.Debug|x86.Build.0 = Debug|Win32
		{209953D6-C68F-4D79-926A-413B11D85FC4}.Release|Any CPU.ActiveCfg = Release|Win32
		{209953D6-C68F-4D79-926A-413B11D85FC4}.Release|x64.ActiveCfg = Release|x64
		{209953D6-C68F-4D79-926A-413B11D85FC4}.Release|x64.Build.0 = Release|x64
		{209953D6-C68F-4D79-926A-413B11D85FC4}.Release|x86.ActiveCfg = Release|Win32
		{209953D6-C68F-4D79-926A-413B11D85FC4}.Release|x86.Build.0 = Release|Win32
		{F183FDB5-BB5E-4F5E-A6DB-AAB8C2742D58}.Debug|Any CPU.ActiveCfg = Debug|Win32
		{F183FDB5-BB5E-4F5E-A6DB-AAB8C2742D58}.Debug|x64.ActiveCfg = Debug|x64
		{F183FDB5-BB5E-4F5E-A6DB-AAB8C2742D58}.Debug|x64.Build.0 = Debug|x64
		{F183FDB5-BB5E-4F5E-A6DB-AAB8C2742D58}.Debug|x86.ActiveCfg = Debug|Win32
		{F183FDB5-BB5E-4F5E-A6DB-AAB8C2742D58}.Debug|x86.Build.0 = Debug|Win32
		{F183FDB5-BB5E-4F5E-A6DB-AAB8C2742D58}.Release|Any CPU.ActiveCfg = Release|Win32
		{F183FDB5-BB5E-4F5E-A6DB-AAB8C2742D58}.Release|x64.ActiveCfg = Release|x64
		{F183FDB5-BB5E-4F5E-A6DB-AAB8C2742D58}.Release|x64.Build.0 = Release|x64
		{F183FDB5-BB5E-4F5E-A6DB-AAB8C2742D58}.Release|x86.ActiveCfg = Release|Win32
		{F183FDB5-BB5E-4F5E-A6DB-AAB8C2742D58}.Release|x86.Build.0 = Release|Win32
		{7506730F-03B2-4261-A5B3-2978756F3C17}.Debug|Any CPU.ActiveCfg = Debug|Win32
		{7506730F-03B2-4261-A5B3-2978756F3C17}.Debug|x64.ActiveCfg = Debug|x64
		{7506730F-03B2-4261-A5B3-2978756F3C17}.Debug|x64.Build.0 = Debug|x64
		{7506730F-03B2-4261-A5B3-2978756F3C17}.Debug|x86.ActiveCfg = Debug|Win32
		{7506730F-03B2-4261-A5B3-2978756F3C17}.Debug|x86.Build.0 = Debug|Win32
		{7506730F-03B2-4261-A5B3-2978756F3C17}.Release|Any CPU.ActiveCfg = Release|Win32
		{7506730F-03B2-4261-A5B3-2978756F3C17}.Release|x64.ActiveCfg = Release|x64
		{7506730F-03B2-4261-A5B3-2978756F3C17}.Release|x64.Build.0 = Release|x64
		{7506730F-03B2-4261-A5B3-2978756F3C17}.Release|x86.ActiveCfg = Release|Win32
		{7506730F-03B2-4261-A5B3-2978756F3C17}.Release|x86.Build.0 = Release|Win32
		{29CB7E74-AB45-470A-936B-DE9AE32D4338}.Debug|Any CPU.ActiveCfg = Debug|Win32
		{29CB7E74-AB45-470A-936B-DE9AE32D4338}.Debug|x64.ActiveCfg = Debug|x64
		{29CB7E74-AB45-470A-936B-DE9AE32D4338}.Debug|x64.Build.0 = Debug|x64
		{29CB7E74-AB45-470A-936B-DE9AE32D4338}.Debug|x86.ActiveCfg = Debug|Win32
		{29CB7E74-AB45-470A-936B-DE9AE32D4338}.Debug|x86.Build.0 = Debug|Win32
		{29CB7E74-AB45-470A-936B-DE9AE32D4338}.Release|Any CPU.ActiveCfg = Release|Win32
		{29CB7E74-AB45-470A-936B-DE9AE32D4338}.Release|x64.ActiveCfg = Release|x64
		{29CB7E74-AB45-470A-936B-DE9AE32D4338}.Release|x64.Build.0 = Release|x64
		{29CB7E74-AB45-470A-936B-DE9AE32D4338}.Release|x86.ActiveCfg = Release|Win32
		{29CB7E74-AB45-470A-936B-DE9AE32D4338}.Release|x86.Build.0 = Release|Win32
		{66E3E26B-6206-49BB-BE08-A3416140D6CE}.Debug|Any CPU.ActiveCfg = Debug|Win32
		{66E3E26B-6206-49BB-BE08-A3416140D6CE}.Debug|x64.ActiveCfg = Debug|x64
		{66E3E26B-6206-49BB-BE08-A3416140D6CE}.Debug|x64.Build.0 = Debug|x64
		{66E3E26B-6206-49BB-BE08-A3416140D6CE}.Debug|x86.ActiveCfg = Debug|Win32
		{66E3E26B-6206-49BB-BE08-A3416140D6CE}.Debug|x86.Build.0 = Debug|Win32
		{66E3E26B-6206-49BB-BE08-A3416140D6CE}.Release|Any CPU.ActiveCfg = Release|Win32
		{66E3E26B-6206-49BB-BE08-A3416140D6CE}.Release|x64.ActiveCfg = Release|x64
		{66E3E26B-6206-49BB-BE08-A3416140D6CE}.Release|x64.Build.0 = Release|x64
		{66E3E26B-6206-49BB-BE08-A3416140D6CE}.Release|x86.ActiveCfg = Release|Win32
		{66E3E26B-6206-49BB-BE08-A3416140D6CE}.Release|x86.Build.0 = Release|Win32
		{BD3A0C1D-B80E-427A-BD0A-0D327BDC3BEC}.Debug|Any CPU.ActiveCfg = Debug|Win32
		{BD3A0C1D-B80E-427A-BD0A-0D327BDC3BEC}.Debug|x64.ActiveCfg = Debug|x64
		{BD3A0C1D-B80E-427A-BD0A-0D327BDC3BEC}.Debug|x64.Build.0 = Debug|x64
		{BD3A0C1D-B80E-427A-BD0A-0D327BDC3BEC}.Debug|x86.ActiveCfg = Debug|Win32
		{BD3A0C1D-B80E-427A-BD0A-0D327BDC3BEC}.Debug|x86.Build.0 = Debug|Win32
		{BD3A0C1D-B80E-427A-BD0A-0D327BDC3BEC}.Release|Any CPU.ActiveCfg = Release|Win32
		{BD3A0C1D-B80E-427A-BD0A-0D327BDC3BEC}.Release|x64.ActiveCfg = Release|x64
		{BD3A0C1D-B80E-427A-BD0A-0D327BDC3BEC}.Release|x64.Build.0 = Release|x64
		{BD3A0C1D-B80E-427A-BD0A-0D327BDC3BEC}.Release|x86.ActiveCfg = Release|Win32
		{BD3A0C1D-B80E-427A-BD0A-0D327BDC3BEC}.Release|x86.Build.0 = Release|Win32
		{CD324416-EA1E-4A0B-B61A-9CDBF947A9C5}.Debug|Any CPU.ActiveCfg = Debug|Win32
		{CD324416-EA1E-4A0B-B61A-9CDBF947A9C5}.Debug|x64.ActiveCfg = Debug|x64
		{CD324416-EA1E-4A0B-B61A-9CDBF947A9C5}.Debug|x64.Build.0 = Debug|x64
		{CD324416-EA1E-4A0B-B61A-9CDBF947A9C5}.Debug|x86.ActiveCfg = Debug|Win32
		{CD324416-EA1E-4A0B-B61A-9CDBF947A9C5}.Debug|x86.Build.0 = Debug|Win32
		{CD324416-EA1E-4A0B-B61A-9CDBF947A9C5}.Release|Any CPU.ActiveCfg = Release|Win32
		{CD324416-EA1E-4A0B-B61A-9CDBF947A9C5}.Release|x64.ActiveCfg = Release|x64
		{CD324416-EA1E-4A0B-B61A-9CDBF947A9C5}.Release|x64.Build.0 = Release|x64
		{CD324416-EA1E-4A0B-B61A-9CDBF947A9C5}.Release|x86.ActiveCfg = Release|Win32
		{CD324416-EA1E-4A0B-B61A-9CDBF947A9C5}.Release|x86.Build.0 = Release|Win32
		{30252BB0-8405-4470-9745-D3F7B34FA39B}.Debug|Any CPU.ActiveCfg = Debug|Win32
		{30252BB0-8405-4470-9745-D3F7B34FA39B}.Debug|x64.ActiveCfg = Debug|x64
		{30252BB0-8405-4470-9745-D3F7B34FA39B}.Debug|x64.Build.0 = Debug|x64
		{30252BB0-8405-4470-9745-D3F7B34FA39B}.Debug|x86.ActiveCfg = Debug|Win32
		{30252BB0-8405-4470-9745-D3F7B34FA39B}.Debug|x86.Build.0 = Debug|Win32
		{30252BB0-8405-4470-9745-D3F7B34FA39B}.Release|Any CPU.ActiveCfg = Release|Win32
		{30252BB0-8405-4470-9745-D3F7B34FA39B}.Release|x64.ActiveCfg = Release|x64
		{30252BB0-8405-4470-9745-D3F7B34FA39B}.Release|x64.Build.0 = Release|x64
		{30252BB0-8405-4470-9745-D3F7B34FA39B}.Release|x86.ActiveCfg = Release|Win32
		{30252BB0-8405-4470-9745-D3F7B34FA39B}.Release|x86.Build.0 = Release|Win32
		{DDD62BD4-16AE-412A-AF24-A68BE7231E04}.Debug|Any CPU.ActiveCfg = Debug|Win32
		{DDD62BD4-16AE-412A-AF24-A68BE7231E04}.Debug|x64.ActiveCfg = Debug|x64
		{DDD62BD4-16AE-412A-AF24-A68BE7231E04}.Debug|x64.Build.0 = Debug|x64
		{DDD62BD4-16AE-412A-AF24-A68BE7231E04}.Debug|x86.ActiveCfg = Debug|Win32
		{DDD62BD4-16AE-412A-AF24-A68BE7231E04}.Debug|x86.Build.0 = Debug|Win32
		{DDD62BD4-16AE-412A-AF24-A68BE7231E04}.Release|Any CPU.ActiveCfg = Release|Win32
		{DDD62BD4-16AE-412A-AF24-A68BE7231E04}.Release|x64.ActiveCfg = Release|x64
		{DDD62BD4-16AE-412A-AF24-A68BE7231E04}.Release|x64.Build.0 = Release|x64
		{DDD62BD4-16AE-412A-AF24-A68BE7231E04}.Release|x86.ActiveCfg = Release|Win32
		{DDD62BD4-16AE-412A-AF24-A68BE7231E04}.Release|x86.Build.0 = Release|Win32
		{7DA42A22-65BC-4BB3-879B-FBA5D12534F6}.Debug|Any CPU.ActiveCfg = Debug|Win32
		{7DA42A22-65BC-4BB3-879B-FBA5D12534F6}.Debug|x64.ActiveCfg = Debug|x64
		{7DA42A22-65BC-4BB3-879B-FBA5D12534F6}.Debug|x64.Build.0 = Debug|x64
		{7DA42A22-65BC-4BB3-879B-FBA5D12534F6}.Debug|x86.ActiveCfg = Debug|Win32
		{7DA42A22-65BC-4BB3-879B-FBA5D12534F6}.Debug|x86.Build.0 = Debug|Win32
		{7DA42A22-65BC-4BB3-879B-FBA5D12534F6}.Release|Any CPU.ActiveCfg = Release|Win32
		{7DA42A22-65BC-4BB3-879B-FBA5D12534F6}.Release|x64.ActiveCfg = Release|x64
		{7DA42A22-65BC-4BB3-879B-FBA5D12534F6}.Release|x64.Build.0 = Release|x64
		{7DA42A22-65BC-4BB3-879B-FBA5D12534F6}.Release|x86.ActiveCfg = Release|Win32
		{7DA42A22-65BC-4BB3-879B-FBA5D12534F6}.Release|x86.Build.0 = Release|Win32
		{C74B15D9-3ACC-4536-A480-39DDB5306CBF}.Debug|Any CPU.ActiveCfg = Debug|Win32
		{C74B15D9-3ACC-4536-A480-39DDB5306CBF}.Debug|x64.ActiveCfg = Debug|x64
		{C74B15D9-3ACC-4536-A480-39DDB5306CBF}.Debug|x64.Build.0 = Debug|x64
		{C74B15D9-3ACC-4536-A480-39DDB5306CBF}.Debug|x86.ActiveCfg = Debug|Win32
		{C74B15D9-3ACC-4536-A480-39DDB5306CBF}.Debug|x86.Build.0 = Debug|Win32
		{C74B15D9-3ACC-4536-A480-39DDB5306CBF}.Release|Any CPU.ActiveCfg = Release|Win32
		{C74B15D9-3ACC-4536-A480-39DDB5306CBF}.Release|x64.ActiveCfg = Release|x64
		{C74B15D9-3ACC-4536-A480-39DDB5306CBF}.Release|x64.Build.0 = Release|x64
		{C74B15D9-3ACC-4536-A480-39DDB5306CBF}.Release|x86.ActiveCfg = Release|Win32
		{C74B15D9-3ACC-4536-A480-39DDB5306CBF}.Release|x86.Build.0 = Release|Win32
		{F649B0FE-F755-4212-9EC2-F43E6B146C2D}.Debug|Any CPU.ActiveCfg = Debug|Win32
		{F649B0FE-F755-4212-9EC2-F43E6B146C2D}.Debug|x64.ActiveCfg = Debug|x64
		{F649B0FE-F755-4212-9EC2-F43E6B146C2D}.Debug|x64.Build.0 = Debug|x64
		{F649B0FE-F755-4212-9EC2-F43E6B146C2D}.Debug|x86.ActiveCfg = Debug|Win32
		{F649B0FE-F755-4212-9EC2-F43E6B146C2D}.Debug|x86.Build.0 = Debug|Win32
		{F649B0FE-F755-4212-9EC2-F43E6B146C2D}.Release|Any CPU.ActiveCfg = Release|Win32
		{F649B0FE-F755-4212-9EC2-F43E6B146C2D}.Release|x64.ActiveCfg = Release|x64
		{F649B0FE-F755-4212-9EC2-F43E6B146C2D}.Release|x64.Build.0 = Release|x64
		{F649B0FE-F755-4212-9EC2-F43E6B146C2D}.Release|x86.ActiveCfg = Release|Win32
		{F649B0FE-F755-4212-9EC2-F43E6B146C2D}.Release|x86.Build.0 = Release|Win32
		{BFF39F5C-DFAC-4E30-A16F-7E1C7DF7C432}.Debug|Any CPU.ActiveCfg = Debug|Win32
		{BFF39F5C-DFAC-4E30-A16F-7E1C7DF7C432}.Debug|x64.ActiveCfg = Debug|x64
		{BFF39F5C-DFAC-4E30-A16F-7E1C7DF7C432}.Debug|x64.Build.0 = Debug|x64
		{BFF39F5C-DFAC-4E30-A16F-7E1C7DF7C432}.Debug|x86.ActiveCfg = Debug|Win32
		{BFF39F5C-DFAC-4E30-A16F-7E1C7DF7C432}.Debug|x86.Build.0 = Debug|Win32
		{BFF39F5C-DFAC-4E30-A16F-7E1C7DF7C432}.Release|Any CPU.ActiveCfg = Release|Win32
		{BFF39F5C-DFAC-4E30-A16F-7E1C7DF7C432}.Release|x64.ActiveCfg = Release|x64
		{BFF39F5C-DFAC-4E30-A16F-7E1C7DF7C432}.Release|x64.Build.0 = Release|x64
		{BFF39F5C-DFAC-4E30-A16F-7E1C7DF7C432}.Release|x86.ActiveCfg = Release|Win32
		{BFF39F5C-DFAC-4E30-A16F-7E1C7DF7C432}.Release|x86.Build.0 = Release|Win32
		{134821ED-647C-4FE0-BC18-6829437B51B9}.Debug|Any CPU.ActiveCfg = Debug|Win32
		{134821ED-647C-4FE0-BC18-6829437B51B9}.Debug|x64.ActiveCfg = Debug|x64
		{134821ED-647C-4FE0-BC18-6829437B51B9}.Debug|x64.Build.0 = Debug|x64
		{134821ED-647C-4FE0-BC18-6829437B51B9}.Debug|x86.ActiveCfg = Debug|Win32
		{134821ED-647C-4FE0-BC18-6829437B51B9}.Debug|x86.Build.0 = Debug|Win32
		{134821ED-647C-4FE0-BC18-6829437B51B9}.Release|Any CPU.ActiveCfg = Release|Win32
		{134821ED-647C-4FE0-BC18-6829437B51B9}.Release|x64.ActiveCfg = Release|x64
		{134821ED-647C-4FE0-BC18-6829437B51B9}.Release|x64.Build.0 = Release|x64
		{134821ED-647C-4FE0-BC18-6829437B51B9}.Release|x86.ActiveCfg = Release|Win32
		{134821ED-647C-4FE0-BC18-6829437B51B9}.Release|x86.Build.0 = Release|Win32
		{E9B43F6B-25B5-4179-BCCF-4A0347A95134}.Debug|Any CPU.ActiveCfg = Debug|Win32
		{E9B43F6B-25B5-4179-BCCF-4A0347A95134}.Debug|x64.ActiveCfg = Debug|x64
		{E9B43F6B-25B5-4179-BCCF-4A0347A95134}.Debug|x64.Build.0 = Debug|x64
		{E9B43F6B-25B5-4179-BCCF-4A0347A95134}.Debug|x86.ActiveCfg = Debug|Win32
		{E9B43F6B-25B5-4179-BCCF-4A0347A95134}.Debug|x86.Build.0 = Debug|Win32
		{E9B43F6B-25B5-4179-BCCF-4A0347A95134}.Release|Any CPU.ActiveCfg = Release|Win32
		{E9B43F6B-25B5-4179-BCCF-4A0347A95134}.Release|x64.ActiveCfg = Release|x64
		{E9B43F6B-25B5-4179-BCCF-4A0347A95134}.Release|x64.Build.0 = Release|x64
		{E9B43F6B-25B5-4179-BCCF-4A0347A95134}.Release|x86.ActiveCfg = Release|Win32
		{E9B43F6B-25B5-4179-BCCF-4A0347A95134}.Release|x86.Build.0 = Release|Win32
		{FEC46FA6-2A9B-4F65-A737-576E3BC16728}.Debug|Any CPU.ActiveCfg = Debug|Win32
		{FEC46FA6-2A9B-4F65-A737-576E3BC16728}.Debug|x64.ActiveCfg = Debug|x64
		{FEC46FA6-2A9B-4F65-A737-576E3BC16728}.Debug|x64.Build.0 = Debug|x64
		{FEC46FA6-2A9B-4F65-A737-576E3BC16728}.Debug|x86.ActiveCfg = Debug|Win32
		{FEC46FA6-2A9B-4F65-A737-576E3BC16728}.Debug|x86.Build.0 = Debug|Win32
		{FEC46FA6-2A9B-4F65-A737-576E3BC16728}.Release|Any CPU.ActiveCfg = Release|Win32
		{FEC46FA6-2A9B-4F65-A737-576E3BC16728}.Release|x64.ActiveCfg = Release|x64
		{FEC46FA6-2A9B-4F65-A737-576E3BC16728}.Release|x64.Build.0 = Release|x64
		{FEC46FA6-2A9B-4F65-A737-576E3BC16728}.Release|x86.ActiveCfg = Release|Win32
		{FEC46FA6-2A9B-4F65-A737-576E3BC16728}.Release|x86.Build.0 = Release|Win32
	EndGlobalSection
	GlobalSection(SolutionProperties) = preSolution
		HideSolutionNode = FALSE
	EndGlobalSection
	GlobalSection(ExtensibilityGlobals) = postSolution
		SolutionGuid = {F4785F73-4E02-4983-875E-1D46801B2E16}
	EndGlobalSection
EndGlobal
